// !$*UTF8*$!
{
	archiveVersion = 1;
	classes = {
	};
	objectVersion = 56;
	objects = {

/* Begin PBXBuildFile section */
		1FF9807841E72A198BDC8797 /* Pods_ToDoList_ToDoListUITests.framework in Frameworks */ = {isa = PBXBuildFile; fileRef = 1CCEF9CFE1684BC7C6A2D24C /* Pods_ToDoList_ToDoListUITests.framework */; };
		6BA21B0A04F7A05EB8B0E3CA /* Pods_ToDoList.framework in Frameworks */ = {isa = PBXBuildFile; fileRef = 818124FDA3CC21F011DDFDF5 /* Pods_ToDoList.framework */; };
		AC6BBDAE2C7F658A0096A74A /* AppDelegate.swift in Sources */ = {isa = PBXBuildFile; fileRef = AC6BBDAD2C7F658A0096A74A /* AppDelegate.swift */; };
		AC6BBDB02C7F658A0096A74A /* SceneDelegate.swift in Sources */ = {isa = PBXBuildFile; fileRef = AC6BBDAF2C7F658A0096A74A /* SceneDelegate.swift */; };
		AC6BBDB22C7F658A0096A74A /* NewTaskScreenViewController.swift in Sources */ = {isa = PBXBuildFile; fileRef = AC6BBDB12C7F658A0096A74A /* NewTaskScreenViewController.swift */; };
		AC6BBDB82C7F658A0096A74A /* ToDoList.xcdatamodeld in Sources */ = {isa = PBXBuildFile; fileRef = AC6BBDB62C7F658A0096A74A /* ToDoList.xcdatamodeld */; };
		AC6BBDBA2C7F658C0096A74A /* Assets.xcassets in Resources */ = {isa = PBXBuildFile; fileRef = AC6BBDB92C7F658C0096A74A /* Assets.xcassets */; };
		AC6BBDBD2C7F658C0096A74A /* LaunchScreen.storyboard in Resources */ = {isa = PBXBuildFile; fileRef = AC6BBDBB2C7F658C0096A74A /* LaunchScreen.storyboard */; };
		AC6BBDC82C7F658C0096A74A /* ToDoListTests.swift in Sources */ = {isa = PBXBuildFile; fileRef = AC6BBDC72C7F658C0096A74A /* ToDoListTests.swift */; };
		AC6BBDD22C7F658C0096A74A /* ToDoListUITests.swift in Sources */ = {isa = PBXBuildFile; fileRef = AC6BBDD12C7F658C0096A74A /* ToDoListUITests.swift */; };
		AC6BBDD42C7F658C0096A74A /* ToDoListUITestsLaunchTests.swift in Sources */ = {isa = PBXBuildFile; fileRef = AC6BBDD32C7F658C0096A74A /* ToDoListUITestsLaunchTests.swift */; };
		AC6BBDE32C7F6BD90096A74A /* NewTaskScreenPresenter.swift in Sources */ = {isa = PBXBuildFile; fileRef = AC6BBDE22C7F6BD90096A74A /* NewTaskScreenPresenter.swift */; };
		AC6BBDE52C7F6BF30096A74A /* Model.swift in Sources */ = {isa = PBXBuildFile; fileRef = AC6BBDE42C7F6BF30096A74A /* Model.swift */; };
		AC6BBDE72C7F6C2E0096A74A /* CollectionTasksScreenViewController.swift in Sources */ = {isa = PBXBuildFile; fileRef = AC6BBDE62C7F6C2E0096A74A /* CollectionTasksScreenViewController.swift */; };
		AC6BBDE92C7F6C4F0096A74A /* CollectionTasksScreenPresenter.swift in Sources */ = {isa = PBXBuildFile; fileRef = AC6BBDE82C7F6C4F0096A74A /* CollectionTasksScreenPresenter.swift */; };
		AC6BBDEB2C7F6C720096A74A /* NewTaskScreenAssembly.swift in Sources */ = {isa = PBXBuildFile; fileRef = AC6BBDEA2C7F6C720096A74A /* NewTaskScreenAssembly.swift */; };
		AC6BBDED2C7F6CF30096A74A /* CollectionTaskScreenAssembly.swift in Sources */ = {isa = PBXBuildFile; fileRef = AC6BBDEC2C7F6CF30096A74A /* CollectionTaskScreenAssembly.swift */; };
		AC8125AE2C7F79AE00BDC5E4 /* RootAssambly.swift in Sources */ = {isa = PBXBuildFile; fileRef = AC8125AD2C7F79AE00BDC5E4 /* RootAssambly.swift */; };
		AC8125B02C7FCBCE00BDC5E4 /* Font.swift in Sources */ = {isa = PBXBuildFile; fileRef = AC8125AF2C7FCBCE00BDC5E4 /* Font.swift */; };
		D058815937614867C7D29C4E /* Pods_ToDoListTests.framework in Frameworks */ = {isa = PBXBuildFile; fileRef = 7D1E673E451F97EC37C4B45D /* Pods_ToDoListTests.framework */; };
/* End PBXBuildFile section */

/* Begin PBXContainerItemProxy section */
		AC6BBDC42C7F658C0096A74A /* PBXContainerItemProxy */ = {
			isa = PBXContainerItemProxy;
			containerPortal = AC6BBDA22C7F658A0096A74A /* Project object */;
			proxyType = 1;
			remoteGlobalIDString = AC6BBDA92C7F658A0096A74A;
			remoteInfo = ToDoList;
		};
		AC6BBDCE2C7F658C0096A74A /* PBXContainerItemProxy */ = {
			isa = PBXContainerItemProxy;
			containerPortal = AC6BBDA22C7F658A0096A74A /* Project object */;
			proxyType = 1;
			remoteGlobalIDString = AC6BBDA92C7F658A0096A74A;
			remoteInfo = ToDoList;
		};
/* End PBXContainerItemProxy section */

/* Begin PBXFileReference section */
		1CCEF9CFE1684BC7C6A2D24C /* Pods_ToDoList_ToDoListUITests.framework */ = {isa = PBXFileReference; explicitFileType = wrapper.framework; includeInIndex = 0; path = Pods_ToDoList_ToDoListUITests.framework; sourceTree = BUILT_PRODUCTS_DIR; };
		43BB384AE64C4FB0BC244A80 /* Pods-ToDoListTests.debug.xcconfig */ = {isa = PBXFileReference; includeInIndex = 1; lastKnownFileType = text.xcconfig; name = "Pods-ToDoListTests.debug.xcconfig"; path = "Target Support Files/Pods-ToDoListTests/Pods-ToDoListTests.debug.xcconfig"; sourceTree = "<group>"; };
		5C396469E7BE9555B05C278F /* Pods-ToDoList.release.xcconfig */ = {isa = PBXFileReference; includeInIndex = 1; lastKnownFileType = text.xcconfig; name = "Pods-ToDoList.release.xcconfig"; path = "Target Support Files/Pods-ToDoList/Pods-ToDoList.release.xcconfig"; sourceTree = "<group>"; };
		601060C37D56CC2056BEDF18 /* Pods-ToDoListTests.release.xcconfig */ = {isa = PBXFileReference; includeInIndex = 1; lastKnownFileType = text.xcconfig; name = "Pods-ToDoListTests.release.xcconfig"; path = "Target Support Files/Pods-ToDoListTests/Pods-ToDoListTests.release.xcconfig"; sourceTree = "<group>"; };
		7D1E673E451F97EC37C4B45D /* Pods_ToDoListTests.framework */ = {isa = PBXFileReference; explicitFileType = wrapper.framework; includeInIndex = 0; path = Pods_ToDoListTests.framework; sourceTree = BUILT_PRODUCTS_DIR; };
		818124FDA3CC21F011DDFDF5 /* Pods_ToDoList.framework */ = {isa = PBXFileReference; explicitFileType = wrapper.framework; includeInIndex = 0; path = Pods_ToDoList.framework; sourceTree = BUILT_PRODUCTS_DIR; };
		955BFF30F68D7344B60514B3 /* Pods-ToDoList-ToDoListUITests.debug.xcconfig */ = {isa = PBXFileReference; includeInIndex = 1; lastKnownFileType = text.xcconfig; name = "Pods-ToDoList-ToDoListUITests.debug.xcconfig"; path = "Target Support Files/Pods-ToDoList-ToDoListUITests/Pods-ToDoList-ToDoListUITests.debug.xcconfig"; sourceTree = "<group>"; };
		AC6BBDAA2C7F658A0096A74A /* ToDoList.app */ = {isa = PBXFileReference; explicitFileType = wrapper.application; includeInIndex = 0; path = ToDoList.app; sourceTree = BUILT_PRODUCTS_DIR; };
		AC6BBDAD2C7F658A0096A74A /* AppDelegate.swift */ = {isa = PBXFileReference; lastKnownFileType = sourcecode.swift; path = AppDelegate.swift; sourceTree = "<group>"; };
		AC6BBDAF2C7F658A0096A74A /* SceneDelegate.swift */ = {isa = PBXFileReference; lastKnownFileType = sourcecode.swift; path = SceneDelegate.swift; sourceTree = "<group>"; };
		AC6BBDB12C7F658A0096A74A /* NewTaskScreenViewController.swift */ = {isa = PBXFileReference; lastKnownFileType = sourcecode.swift; path = NewTaskScreenViewController.swift; sourceTree = "<group>"; };
		AC6BBDB72C7F658A0096A74A /* ToDoList.xcdatamodel */ = {isa = PBXFileReference; lastKnownFileType = wrapper.xcdatamodel; path = ToDoList.xcdatamodel; sourceTree = "<group>"; };
		AC6BBDB92C7F658C0096A74A /* Assets.xcassets */ = {isa = PBXFileReference; lastKnownFileType = folder.assetcatalog; path = Assets.xcassets; sourceTree = "<group>"; };
		AC6BBDBC2C7F658C0096A74A /* Base */ = {isa = PBXFileReference; lastKnownFileType = file.storyboard; name = Base; path = Base.lproj/LaunchScreen.storyboard; sourceTree = "<group>"; };
		AC6BBDBE2C7F658C0096A74A /* Info.plist */ = {isa = PBXFileReference; lastKnownFileType = text.plist.xml; path = Info.plist; sourceTree = "<group>"; };
		AC6BBDC32C7F658C0096A74A /* ToDoListTests.xctest */ = {isa = PBXFileReference; explicitFileType = wrapper.cfbundle; includeInIndex = 0; path = ToDoListTests.xctest; sourceTree = BUILT_PRODUCTS_DIR; };
		AC6BBDC72C7F658C0096A74A /* ToDoListTests.swift */ = {isa = PBXFileReference; lastKnownFileType = sourcecode.swift; path = ToDoListTests.swift; sourceTree = "<group>"; };
		AC6BBDCD2C7F658C0096A74A /* ToDoListUITests.xctest */ = {isa = PBXFileReference; explicitFileType = wrapper.cfbundle; includeInIndex = 0; path = ToDoListUITests.xctest; sourceTree = BUILT_PRODUCTS_DIR; };
		AC6BBDD12C7F658C0096A74A /* ToDoListUITests.swift */ = {isa = PBXFileReference; lastKnownFileType = sourcecode.swift; path = ToDoListUITests.swift; sourceTree = "<group>"; };
		AC6BBDD32C7F658C0096A74A /* ToDoListUITestsLaunchTests.swift */ = {isa = PBXFileReference; lastKnownFileType = sourcecode.swift; path = ToDoListUITestsLaunchTests.swift; sourceTree = "<group>"; };
		AC6BBDE22C7F6BD90096A74A /* NewTaskScreenPresenter.swift */ = {isa = PBXFileReference; lastKnownFileType = sourcecode.swift; path = NewTaskScreenPresenter.swift; sourceTree = "<group>"; };
		AC6BBDE42C7F6BF30096A74A /* Model.swift */ = {isa = PBXFileReference; lastKnownFileType = sourcecode.swift; path = Model.swift; sourceTree = "<group>"; };
		AC6BBDE62C7F6C2E0096A74A /* CollectionTasksScreenViewController.swift */ = {isa = PBXFileReference; lastKnownFileType = sourcecode.swift; path = CollectionTasksScreenViewController.swift; sourceTree = "<group>"; };
		AC6BBDE82C7F6C4F0096A74A /* CollectionTasksScreenPresenter.swift */ = {isa = PBXFileReference; lastKnownFileType = sourcecode.swift; path = CollectionTasksScreenPresenter.swift; sourceTree = "<group>"; };
		AC6BBDEA2C7F6C720096A74A /* NewTaskScreenAssembly.swift */ = {isa = PBXFileReference; lastKnownFileType = sourcecode.swift; path = NewTaskScreenAssembly.swift; sourceTree = "<group>"; };
		AC6BBDEC2C7F6CF30096A74A /* CollectionTaskScreenAssembly.swift */ = {isa = PBXFileReference; lastKnownFileType = sourcecode.swift; path = CollectionTaskScreenAssembly.swift; sourceTree = "<group>"; };
		AC8125AD2C7F79AE00BDC5E4 /* RootAssambly.swift */ = {isa = PBXFileReference; lastKnownFileType = sourcecode.swift; path = RootAssambly.swift; sourceTree = "<group>"; };
		AC8125AF2C7FCBCE00BDC5E4 /* Font.swift */ = {isa = PBXFileReference; lastKnownFileType = sourcecode.swift; path = Font.swift; sourceTree = "<group>"; };
		AC8125B22C7FCBFD00BDC5E4 /* Avenir Next.ttc */ = {isa = PBXFileReference; lastKnownFileType = file; path = "Avenir Next.ttc"; sourceTree = "<group>"; };
		BD258249EA8C5E8436F44985 /* Pods-ToDoList.debug.xcconfig */ = {isa = PBXFileReference; includeInIndex = 1; lastKnownFileType = text.xcconfig; name = "Pods-ToDoList.debug.xcconfig"; path = "Target Support Files/Pods-ToDoList/Pods-ToDoList.debug.xcconfig"; sourceTree = "<group>"; };
		C7E125508A751F2B3C7DDD21 /* Pods-ToDoList-ToDoListUITests.release.xcconfig */ = {isa = PBXFileReference; includeInIndex = 1; lastKnownFileType = text.xcconfig; name = "Pods-ToDoList-ToDoListUITests.release.xcconfig"; path = "Target Support Files/Pods-ToDoList-ToDoListUITests/Pods-ToDoList-ToDoListUITests.release.xcconfig"; sourceTree = "<group>"; };
/* End PBXFileReference section */

/* Begin PBXFrameworksBuildPhase section */
		AC6BBDA72C7F658A0096A74A /* Frameworks */ = {
			isa = PBXFrameworksBuildPhase;
			buildActionMask = 2147483647;
			files = (
				6BA21B0A04F7A05EB8B0E3CA /* Pods_ToDoList.framework in Frameworks */,
			);
			runOnlyForDeploymentPostprocessing = 0;
		};
		AC6BBDC02C7F658C0096A74A /* Frameworks */ = {
			isa = PBXFrameworksBuildPhase;
			buildActionMask = 2147483647;
			files = (
				D058815937614867C7D29C4E /* Pods_ToDoListTests.framework in Frameworks */,
			);
			runOnlyForDeploymentPostprocessing = 0;
		};
		AC6BBDCA2C7F658C0096A74A /* Frameworks */ = {
			isa = PBXFrameworksBuildPhase;
			buildActionMask = 2147483647;
			files = (
				1FF9807841E72A198BDC8797 /* Pods_ToDoList_ToDoListUITests.framework in Frameworks */,
			);
			runOnlyForDeploymentPostprocessing = 0;
		};
/* End PBXFrameworksBuildPhase section */

/* Begin PBXGroup section */
		AC6BBDA12C7F658A0096A74A = {
			isa = PBXGroup;
			children = (
				AC6BBDAC2C7F658A0096A74A /* ToDoList */,
				AC6BBDC62C7F658C0096A74A /* ToDoListTests */,
				AC6BBDD02C7F658C0096A74A /* ToDoListUITests */,
				AC6BBDAB2C7F658A0096A74A /* Products */,
				BE7F1F07363442CBA8A4924F /* Pods */,
				C621D591D46B66A1CE5E9988 /* Frameworks */,
			);
			sourceTree = "<group>";
		};
		AC6BBDAB2C7F658A0096A74A /* Products */ = {
			isa = PBXGroup;
			children = (
				AC6BBDAA2C7F658A0096A74A /* ToDoList.app */,
				AC6BBDC32C7F658C0096A74A /* ToDoListTests.xctest */,
				AC6BBDCD2C7F658C0096A74A /* ToDoListUITests.xctest */,
			);
			name = Products;
			sourceTree = "<group>";
		};
		AC6BBDAC2C7F658A0096A74A /* ToDoList */ = {
			isa = PBXGroup;
			children = (
				AC6BBDAD2C7F658A0096A74A /* AppDelegate.swift */,
				AC6BBDAF2C7F658A0096A74A /* SceneDelegate.swift */,
				AC8125B12C7FCBE300BDC5E4 /* Font */,
				AC8125AD2C7F79AE00BDC5E4 /* RootAssambly.swift */,
				AC6BBDE12C7F6B7C0096A74A /* CollectionTasksScreen */,
				AC6BBDE02C7F6AED0096A74A /* NewTaskScreen */,
				AC6BBDB92C7F658C0096A74A /* Assets.xcassets */,
				AC6BBDBB2C7F658C0096A74A /* LaunchScreen.storyboard */,
				AC6BBDBE2C7F658C0096A74A /* Info.plist */,
				AC6BBDB62C7F658A0096A74A /* ToDoList.xcdatamodeld */,
			);
			path = ToDoList;
			sourceTree = "<group>";
		};
		AC6BBDC62C7F658C0096A74A /* ToDoListTests */ = {
			isa = PBXGroup;
			children = (
				AC6BBDC72C7F658C0096A74A /* ToDoListTests.swift */,
			);
			path = ToDoListTests;
			sourceTree = "<group>";
		};
		AC6BBDD02C7F658C0096A74A /* ToDoListUITests */ = {
			isa = PBXGroup;
			children = (
				AC6BBDD12C7F658C0096A74A /* ToDoListUITests.swift */,
				AC6BBDD32C7F658C0096A74A /* ToDoListUITestsLaunchTests.swift */,
			);
			path = ToDoListUITests;
			sourceTree = "<group>";
		};
		AC6BBDE02C7F6AED0096A74A /* NewTaskScreen */ = {
			isa = PBXGroup;
			children = (
				AC6BBDB12C7F658A0096A74A /* NewTaskScreenViewController.swift */,
				AC6BBDE22C7F6BD90096A74A /* NewTaskScreenPresenter.swift */,
				AC6BBDEA2C7F6C720096A74A /* NewTaskScreenAssembly.swift */,
				AC6BBDE42C7F6BF30096A74A /* Model.swift */,
			);
			path = NewTaskScreen;
			sourceTree = "<group>";
		};
		AC6BBDE12C7F6B7C0096A74A /* CollectionTasksScreen */ = {
			isa = PBXGroup;
			children = (
				AC6BBDE62C7F6C2E0096A74A /* CollectionTasksScreenViewController.swift */,
				AC6BBDE82C7F6C4F0096A74A /* CollectionTasksScreenPresenter.swift */,
				AC6BBDEC2C7F6CF30096A74A /* CollectionTaskScreenAssembly.swift */,
			);
			path = CollectionTasksScreen;
			sourceTree = "<group>";
		};
		AC8125B12C7FCBE300BDC5E4 /* Font */ = {
			isa = PBXGroup;
			children = (
				AC8125B22C7FCBFD00BDC5E4 /* Avenir Next.ttc */,
				AC8125AF2C7FCBCE00BDC5E4 /* Font.swift */,
			);
			path = Font;
			sourceTree = "<group>";
		};
		BE7F1F07363442CBA8A4924F /* Pods */ = {
			isa = PBXGroup;
			children = (
				BD258249EA8C5E8436F44985 /* Pods-ToDoList.debug.xcconfig */,
				5C396469E7BE9555B05C278F /* Pods-ToDoList.release.xcconfig */,
				955BFF30F68D7344B60514B3 /* Pods-ToDoList-ToDoListUITests.debug.xcconfig */,
				C7E125508A751F2B3C7DDD21 /* Pods-ToDoList-ToDoListUITests.release.xcconfig */,
				43BB384AE64C4FB0BC244A80 /* Pods-ToDoListTests.debug.xcconfig */,
				601060C37D56CC2056BEDF18 /* Pods-ToDoListTests.release.xcconfig */,
			);
			path = Pods;
			sourceTree = "<group>";
		};
		C621D591D46B66A1CE5E9988 /* Frameworks */ = {
			isa = PBXGroup;
			children = (
				818124FDA3CC21F011DDFDF5 /* Pods_ToDoList.framework */,
				1CCEF9CFE1684BC7C6A2D24C /* Pods_ToDoList_ToDoListUITests.framework */,
				7D1E673E451F97EC37C4B45D /* Pods_ToDoListTests.framework */,
			);
			name = Frameworks;
			sourceTree = "<group>";
		};
/* End PBXGroup section */

/* Begin PBXNativeTarget section */
		AC6BBDA92C7F658A0096A74A /* ToDoList */ = {
			isa = PBXNativeTarget;
			buildConfigurationList = AC6BBDD72C7F658C0096A74A /* Build configuration list for PBXNativeTarget "ToDoList" */;
			buildPhases = (
				D31FA67D3ACD8FCEAE08A0B9 /* [CP] Check Pods Manifest.lock */,
				AC6BBDA62C7F658A0096A74A /* Sources */,
				AC6BBDA72C7F658A0096A74A /* Frameworks */,
				AC6BBDA82C7F658A0096A74A /* Resources */,
				78BA430E0B162902A0B014B2 /* [CP] Embed Pods Frameworks */,
			);
			buildRules = (
			);
			dependencies = (
			);
			name = ToDoList;
			productName = ToDoList;
			productReference = AC6BBDAA2C7F658A0096A74A /* ToDoList.app */;
			productType = "com.apple.product-type.application";
		};
		AC6BBDC22C7F658C0096A74A /* ToDoListTests */ = {
			isa = PBXNativeTarget;
			buildConfigurationList = AC6BBDDA2C7F658C0096A74A /* Build configuration list for PBXNativeTarget "ToDoListTests" */;
			buildPhases = (
				82B42A47674660B011CB192B /* [CP] Check Pods Manifest.lock */,
				AC6BBDBF2C7F658C0096A74A /* Sources */,
				AC6BBDC02C7F658C0096A74A /* Frameworks */,
				AC6BBDC12C7F658C0096A74A /* Resources */,
			);
			buildRules = (
			);
			dependencies = (
				AC6BBDC52C7F658C0096A74A /* PBXTargetDependency */,
			);
			name = ToDoListTests;
			productName = ToDoListTests;
			productReference = AC6BBDC32C7F658C0096A74A /* ToDoListTests.xctest */;
			productType = "com.apple.product-type.bundle.unit-test";
		};
		AC6BBDCC2C7F658C0096A74A /* ToDoListUITests */ = {
			isa = PBXNativeTarget;
			buildConfigurationList = AC6BBDDD2C7F658C0096A74A /* Build configuration list for PBXNativeTarget "ToDoListUITests" */;
			buildPhases = (
				3E1077CCBF04A88803341587 /* [CP] Check Pods Manifest.lock */,
				AC6BBDC92C7F658C0096A74A /* Sources */,
				AC6BBDCA2C7F658C0096A74A /* Frameworks */,
				AC6BBDCB2C7F658C0096A74A /* Resources */,
				2FFF82F558AF23115377F43A /* [CP] Embed Pods Frameworks */,
			);
			buildRules = (
			);
			dependencies = (
				AC6BBDCF2C7F658C0096A74A /* PBXTargetDependency */,
			);
			name = ToDoListUITests;
			productName = ToDoListUITests;
			productReference = AC6BBDCD2C7F658C0096A74A /* ToDoListUITests.xctest */;
			productType = "com.apple.product-type.bundle.ui-testing";
		};
/* End PBXNativeTarget section */

/* Begin PBXProject section */
		AC6BBDA22C7F658A0096A74A /* Project object */ = {
			isa = PBXProject;
			attributes = {
				BuildIndependentTargetsInParallel = 1;
				LastSwiftUpdateCheck = 1510;
				LastUpgradeCheck = 1510;
				TargetAttributes = {
					AC6BBDA92C7F658A0096A74A = {
						CreatedOnToolsVersion = 15.1;
					};
					AC6BBDC22C7F658C0096A74A = {
						CreatedOnToolsVersion = 15.1;
						TestTargetID = AC6BBDA92C7F658A0096A74A;
					};
					AC6BBDCC2C7F658C0096A74A = {
						CreatedOnToolsVersion = 15.1;
						TestTargetID = AC6BBDA92C7F658A0096A74A;
					};
				};
			};
			buildConfigurationList = AC6BBDA52C7F658A0096A74A /* Build configuration list for PBXProject "ToDoList" */;
			compatibilityVersion = "Xcode 14.0";
			developmentRegion = en;
			hasScannedForEncodings = 0;
			knownRegions = (
				en,
				Base,
			);
			mainGroup = AC6BBDA12C7F658A0096A74A;
			productRefGroup = AC6BBDAB2C7F658A0096A74A /* Products */;
			projectDirPath = "";
			projectRoot = "";
			targets = (
				AC6BBDA92C7F658A0096A74A /* ToDoList */,
				AC6BBDC22C7F658C0096A74A /* ToDoListTests */,
				AC6BBDCC2C7F658C0096A74A /* ToDoListUITests */,
			);
		};
/* End PBXProject section */

/* Begin PBXResourcesBuildPhase section */
		AC6BBDA82C7F658A0096A74A /* Resources */ = {
			isa = PBXResourcesBuildPhase;
			buildActionMask = 2147483647;
			files = (
				AC6BBDBD2C7F658C0096A74A /* LaunchScreen.storyboard in Resources */,
				AC6BBDBA2C7F658C0096A74A /* Assets.xcassets in Resources */,
			);
			runOnlyForDeploymentPostprocessing = 0;
		};
		AC6BBDC12C7F658C0096A74A /* Resources */ = {
			isa = PBXResourcesBuildPhase;
			buildActionMask = 2147483647;
			files = (
			);
			runOnlyForDeploymentPostprocessing = 0;
		};
		AC6BBDCB2C7F658C0096A74A /* Resources */ = {
			isa = PBXResourcesBuildPhase;
			buildActionMask = 2147483647;
			files = (
			);
			runOnlyForDeploymentPostprocessing = 0;
		};
/* End PBXResourcesBuildPhase section */

/* Begin PBXShellScriptBuildPhase section */
		2FFF82F558AF23115377F43A /* [CP] Embed Pods Frameworks */ = {
			isa = PBXShellScriptBuildPhase;
			buildActionMask = 2147483647;
			files = (
			);
			inputFileListPaths = (
				"${PODS_ROOT}/Target Support Files/Pods-ToDoList-ToDoListUITests/Pods-ToDoList-ToDoListUITests-frameworks-${CONFIGURATION}-input-files.xcfilelist",
			);
			name = "[CP] Embed Pods Frameworks";
			outputFileListPaths = (
				"${PODS_ROOT}/Target Support Files/Pods-ToDoList-ToDoListUITests/Pods-ToDoList-ToDoListUITests-frameworks-${CONFIGURATION}-output-files.xcfilelist",
			);
			runOnlyForDeploymentPostprocessing = 0;
			shellPath = /bin/sh;
			shellScript = "\"${PODS_ROOT}/Target Support Files/Pods-ToDoList-ToDoListUITests/Pods-ToDoList-ToDoListUITests-frameworks.sh\"\n";
			showEnvVarsInLog = 0;
		};
		3E1077CCBF04A88803341587 /* [CP] Check Pods Manifest.lock */ = {
			isa = PBXShellScriptBuildPhase;
			buildActionMask = 2147483647;
			files = (
			);
			inputFileListPaths = (
			);
			inputPaths = (
				"${PODS_PODFILE_DIR_PATH}/Podfile.lock",
				"${PODS_ROOT}/Manifest.lock",
			);
			name = "[CP] Check Pods Manifest.lock";
			outputFileListPaths = (
			);
			outputPaths = (
				"$(DERIVED_FILE_DIR)/Pods-ToDoList-ToDoListUITests-checkManifestLockResult.txt",
			);
			runOnlyForDeploymentPostprocessing = 0;
			shellPath = /bin/sh;
			shellScript = "diff \"${PODS_PODFILE_DIR_PATH}/Podfile.lock\" \"${PODS_ROOT}/Manifest.lock\" > /dev/null\nif [ $? != 0 ] ; then\n    # print error to STDERR\n    echo \"error: The sandbox is not in sync with the Podfile.lock. Run 'pod install' or update your CocoaPods installation.\" >&2\n    exit 1\nfi\n# This output is used by Xcode 'outputs' to avoid re-running this script phase.\necho \"SUCCESS\" > \"${SCRIPT_OUTPUT_FILE_0}\"\n";
			showEnvVarsInLog = 0;
		};
		78BA430E0B162902A0B014B2 /* [CP] Embed Pods Frameworks */ = {
			isa = PBXShellScriptBuildPhase;
			buildActionMask = 2147483647;
			files = (
			);
			inputFileListPaths = (
				"${PODS_ROOT}/Target Support Files/Pods-ToDoList/Pods-ToDoList-frameworks-${CONFIGURATION}-input-files.xcfilelist",
			);
			name = "[CP] Embed Pods Frameworks";
			outputFileListPaths = (
				"${PODS_ROOT}/Target Support Files/Pods-ToDoList/Pods-ToDoList-frameworks-${CONFIGURATION}-output-files.xcfilelist",
			);
			runOnlyForDeploymentPostprocessing = 0;
			shellPath = /bin/sh;
			shellScript = "\"${PODS_ROOT}/Target Support Files/Pods-ToDoList/Pods-ToDoList-frameworks.sh\"\n";
			showEnvVarsInLog = 0;
		};
		82B42A47674660B011CB192B /* [CP] Check Pods Manifest.lock */ = {
			isa = PBXShellScriptBuildPhase;
			buildActionMask = 2147483647;
			files = (
			);
			inputFileListPaths = (
			);
			inputPaths = (
				"${PODS_PODFILE_DIR_PATH}/Podfile.lock",
				"${PODS_ROOT}/Manifest.lock",
			);
			name = "[CP] Check Pods Manifest.lock";
			outputFileListPaths = (
			);
			outputPaths = (
				"$(DERIVED_FILE_DIR)/Pods-ToDoListTests-checkManifestLockResult.txt",
			);
			runOnlyForDeploymentPostprocessing = 0;
			shellPath = /bin/sh;
			shellScript = "diff \"${PODS_PODFILE_DIR_PATH}/Podfile.lock\" \"${PODS_ROOT}/Manifest.lock\" > /dev/null\nif [ $? != 0 ] ; then\n    # print error to STDERR\n    echo \"error: The sandbox is not in sync with the Podfile.lock. Run 'pod install' or update your CocoaPods installation.\" >&2\n    exit 1\nfi\n# This output is used by Xcode 'outputs' to avoid re-running this script phase.\necho \"SUCCESS\" > \"${SCRIPT_OUTPUT_FILE_0}\"\n";
			showEnvVarsInLog = 0;
		};
		D31FA67D3ACD8FCEAE08A0B9 /* [CP] Check Pods Manifest.lock */ = {
			isa = PBXShellScriptBuildPhase;
			buildActionMask = 2147483647;
			files = (
			);
			inputFileListPaths = (
			);
			inputPaths = (
				"${PODS_PODFILE_DIR_PATH}/Podfile.lock",
				"${PODS_ROOT}/Manifest.lock",
			);
			name = "[CP] Check Pods Manifest.lock";
			outputFileListPaths = (
			);
			outputPaths = (
				"$(DERIVED_FILE_DIR)/Pods-ToDoList-checkManifestLockResult.txt",
			);
			runOnlyForDeploymentPostprocessing = 0;
			shellPath = /bin/sh;
			shellScript = "diff \"${PODS_PODFILE_DIR_PATH}/Podfile.lock\" \"${PODS_ROOT}/Manifest.lock\" > /dev/null\nif [ $? != 0 ] ; then\n    # print error to STDERR\n    echo \"error: The sandbox is not in sync with the Podfile.lock. Run 'pod install' or update your CocoaPods installation.\" >&2\n    exit 1\nfi\n# This output is used by Xcode 'outputs' to avoid re-running this script phase.\necho \"SUCCESS\" > \"${SCRIPT_OUTPUT_FILE_0}\"\n";
			showEnvVarsInLog = 0;
		};
/* End PBXShellScriptBuildPhase section */

/* Begin PBXSourcesBuildPhase section */
		AC6BBDA62C7F658A0096A74A /* Sources */ = {
			isa = PBXSourcesBuildPhase;
			buildActionMask = 2147483647;
			files = (
				AC6BBDED2C7F6CF30096A74A /* CollectionTaskScreenAssembly.swift in Sources */,
				AC6BBDB22C7F658A0096A74A /* NewTaskScreenViewController.swift in Sources */,
				AC6BBDEB2C7F6C720096A74A /* NewTaskScreenAssembly.swift in Sources */,
				AC6BBDE92C7F6C4F0096A74A /* CollectionTasksScreenPresenter.swift in Sources */,
				AC6BBDAE2C7F658A0096A74A /* AppDelegate.swift in Sources */,
				AC6BBDE72C7F6C2E0096A74A /* CollectionTasksScreenViewController.swift in Sources */,
				AC6BBDB02C7F658A0096A74A /* SceneDelegate.swift in Sources */,
				AC6BBDE52C7F6BF30096A74A /* Model.swift in Sources */,
				AC8125B02C7FCBCE00BDC5E4 /* Font.swift in Sources */,
				AC6BBDB82C7F658A0096A74A /* ToDoList.xcdatamodeld in Sources */,
				AC8125AE2C7F79AE00BDC5E4 /* RootAssambly.swift in Sources */,
				AC6BBDE32C7F6BD90096A74A /* NewTaskScreenPresenter.swift in Sources */,
			);
			runOnlyForDeploymentPostprocessing = 0;
		};
		AC6BBDBF2C7F658C0096A74A /* Sources */ = {
			isa = PBXSourcesBuildPhase;
			buildActionMask = 2147483647;
			files = (
				AC6BBDC82C7F658C0096A74A /* ToDoListTests.swift in Sources */,
			);
			runOnlyForDeploymentPostprocessing = 0;
		};
		AC6BBDC92C7F658C0096A74A /* Sources */ = {
			isa = PBXSourcesBuildPhase;
			buildActionMask = 2147483647;
			files = (
				AC6BBDD42C7F658C0096A74A /* ToDoListUITestsLaunchTests.swift in Sources */,
				AC6BBDD22C7F658C0096A74A /* ToDoListUITests.swift in Sources */,
			);
			runOnlyForDeploymentPostprocessing = 0;
		};
/* End PBXSourcesBuildPhase section */

/* Begin PBXTargetDependency section */
		AC6BBDC52C7F658C0096A74A /* PBXTargetDependency */ = {
			isa = PBXTargetDependency;
			target = AC6BBDA92C7F658A0096A74A /* ToDoList */;
			targetProxy = AC6BBDC42C7F658C0096A74A /* PBXContainerItemProxy */;
		};
		AC6BBDCF2C7F658C0096A74A /* PBXTargetDependency */ = {
			isa = PBXTargetDependency;
			target = AC6BBDA92C7F658A0096A74A /* ToDoList */;
			targetProxy = AC6BBDCE2C7F658C0096A74A /* PBXContainerItemProxy */;
		};
/* End PBXTargetDependency section */

/* Begin PBXVariantGroup section */
		AC6BBDBB2C7F658C0096A74A /* LaunchScreen.storyboard */ = {
			isa = PBXVariantGroup;
			children = (
				AC6BBDBC2C7F658C0096A74A /* Base */,
			);
			name = LaunchScreen.storyboard;
			sourceTree = "<group>";
		};
/* End PBXVariantGroup section */

/* Begin XCBuildConfiguration section */
		AC6BBDD52C7F658C0096A74A /* Debug */ = {
			isa = XCBuildConfiguration;
			buildSettings = {
				ALWAYS_SEARCH_USER_PATHS = NO;
				ASSETCATALOG_COMPILER_GENERATE_SWIFT_ASSET_SYMBOL_EXTENSIONS = YES;
				CLANG_ANALYZER_NONNULL = YES;
				CLANG_ANALYZER_NUMBER_OBJECT_CONVERSION = YES_AGGRESSIVE;
				CLANG_CXX_LANGUAGE_STANDARD = "gnu++20";
				CLANG_ENABLE_MODULES = YES;
				CLANG_ENABLE_OBJC_ARC = YES;
				CLANG_ENABLE_OBJC_WEAK = YES;
				CLANG_WARN_BLOCK_CAPTURE_AUTORELEASING = YES;
				CLANG_WARN_BOOL_CONVERSION = YES;
				CLANG_WARN_COMMA = YES;
				CLANG_WARN_CONSTANT_CONVERSION = YES;
				CLANG_WARN_DEPRECATED_OBJC_IMPLEMENTATIONS = YES;
				CLANG_WARN_DIRECT_OBJC_ISA_USAGE = YES_ERROR;
				CLANG_WARN_DOCUMENTATION_COMMENTS = YES;
				CLANG_WARN_EMPTY_BODY = YES;
				CLANG_WARN_ENUM_CONVERSION = YES;
				CLANG_WARN_INFINITE_RECURSION = YES;
				CLANG_WARN_INT_CONVERSION = YES;
				CLANG_WARN_NON_LITERAL_NULL_CONVERSION = YES;
				CLANG_WARN_OBJC_IMPLICIT_RETAIN_SELF = YES;
				CLANG_WARN_OBJC_LITERAL_CONVERSION = YES;
				CLANG_WARN_OBJC_ROOT_CLASS = YES_ERROR;
				CLANG_WARN_QUOTED_INCLUDE_IN_FRAMEWORK_HEADER = YES;
				CLANG_WARN_RANGE_LOOP_ANALYSIS = YES;
				CLANG_WARN_STRICT_PROTOTYPES = YES;
				CLANG_WARN_SUSPICIOUS_MOVE = YES;
				CLANG_WARN_UNGUARDED_AVAILABILITY = YES_AGGRESSIVE;
				CLANG_WARN_UNREACHABLE_CODE = YES;
				CLANG_WARN__DUPLICATE_METHOD_MATCH = YES;
				COPY_PHASE_STRIP = NO;
				DEBUG_INFORMATION_FORMAT = dwarf;
				ENABLE_STRICT_OBJC_MSGSEND = YES;
				ENABLE_TESTABILITY = YES;
				ENABLE_USER_SCRIPT_SANDBOXING = YES;
				GCC_C_LANGUAGE_STANDARD = gnu17;
				GCC_DYNAMIC_NO_PIC = NO;
				GCC_NO_COMMON_BLOCKS = YES;
				GCC_OPTIMIZATION_LEVEL = 0;
				GCC_PREPROCESSOR_DEFINITIONS = (
					"DEBUG=1",
					"$(inherited)",
				);
				GCC_WARN_64_TO_32_BIT_CONVERSION = YES;
				GCC_WARN_ABOUT_RETURN_TYPE = YES_ERROR;
				GCC_WARN_UNDECLARED_SELECTOR = YES;
				GCC_WARN_UNINITIALIZED_AUTOS = YES_AGGRESSIVE;
				GCC_WARN_UNUSED_FUNCTION = YES;
				GCC_WARN_UNUSED_VARIABLE = YES;
				IPHONEOS_DEPLOYMENT_TARGET = 17.2;
				LOCALIZATION_PREFERS_STRING_CATALOGS = YES;
				MTL_ENABLE_DEBUG_INFO = INCLUDE_SOURCE;
				MTL_FAST_MATH = YES;
				ONLY_ACTIVE_ARCH = YES;
				SDKROOT = iphoneos;
				SWIFT_ACTIVE_COMPILATION_CONDITIONS = "DEBUG $(inherited)";
				SWIFT_OPTIMIZATION_LEVEL = "-Onone";
			};
			name = Debug;
		};
		AC6BBDD62C7F658C0096A74A /* Release */ = {
			isa = XCBuildConfiguration;
			buildSettings = {
				ALWAYS_SEARCH_USER_PATHS = NO;
				ASSETCATALOG_COMPILER_GENERATE_SWIFT_ASSET_SYMBOL_EXTENSIONS = YES;
				CLANG_ANALYZER_NONNULL = YES;
				CLANG_ANALYZER_NUMBER_OBJECT_CONVERSION = YES_AGGRESSIVE;
				CLANG_CXX_LANGUAGE_STANDARD = "gnu++20";
				CLANG_ENABLE_MODULES = YES;
				CLANG_ENABLE_OBJC_ARC = YES;
				CLANG_ENABLE_OBJC_WEAK = YES;
				CLANG_WARN_BLOCK_CAPTURE_AUTORELEASING = YES;
				CLANG_WARN_BOOL_CONVERSION = YES;
				CLANG_WARN_COMMA = YES;
				CLANG_WARN_CONSTANT_CONVERSION = YES;
				CLANG_WARN_DEPRECATED_OBJC_IMPLEMENTATIONS = YES;
				CLANG_WARN_DIRECT_OBJC_ISA_USAGE = YES_ERROR;
				CLANG_WARN_DOCUMENTATION_COMMENTS = YES;
				CLANG_WARN_EMPTY_BODY = YES;
				CLANG_WARN_ENUM_CONVERSION = YES;
				CLANG_WARN_INFINITE_RECURSION = YES;
				CLANG_WARN_INT_CONVERSION = YES;
				CLANG_WARN_NON_LITERAL_NULL_CONVERSION = YES;
				CLANG_WARN_OBJC_IMPLICIT_RETAIN_SELF = YES;
				CLANG_WARN_OBJC_LITERAL_CONVERSION = YES;
				CLANG_WARN_OBJC_ROOT_CLASS = YES_ERROR;
				CLANG_WARN_QUOTED_INCLUDE_IN_FRAMEWORK_HEADER = YES;
				CLANG_WARN_RANGE_LOOP_ANALYSIS = YES;
				CLANG_WARN_STRICT_PROTOTYPES = YES;
				CLANG_WARN_SUSPICIOUS_MOVE = YES;
				CLANG_WARN_UNGUARDED_AVAILABILITY = YES_AGGRESSIVE;
				CLANG_WARN_UNREACHABLE_CODE = YES;
				CLANG_WARN__DUPLICATE_METHOD_MATCH = YES;
				COPY_PHASE_STRIP = NO;
				DEBUG_INFORMATION_FORMAT = "dwarf-with-dsym";
				ENABLE_NS_ASSERTIONS = NO;
				ENABLE_STRICT_OBJC_MSGSEND = YES;
				ENABLE_USER_SCRIPT_SANDBOXING = YES;
				GCC_C_LANGUAGE_STANDARD = gnu17;
				GCC_NO_COMMON_BLOCKS = YES;
				GCC_WARN_64_TO_32_BIT_CONVERSION = YES;
				GCC_WARN_ABOUT_RETURN_TYPE = YES_ERROR;
				GCC_WARN_UNDECLARED_SELECTOR = YES;
				GCC_WARN_UNINITIALIZED_AUTOS = YES_AGGRESSIVE;
				GCC_WARN_UNUSED_FUNCTION = YES;
				GCC_WARN_UNUSED_VARIABLE = YES;
				IPHONEOS_DEPLOYMENT_TARGET = 17.2;
				LOCALIZATION_PREFERS_STRING_CATALOGS = YES;
				MTL_ENABLE_DEBUG_INFO = NO;
				MTL_FAST_MATH = YES;
				SDKROOT = iphoneos;
				SWIFT_COMPILATION_MODE = wholemodule;
				VALIDATE_PRODUCT = YES;
			};
			name = Release;
		};
		AC6BBDD82C7F658C0096A74A /* Debug */ = {
			isa = XCBuildConfiguration;
			baseConfigurationReference = BD258249EA8C5E8436F44985 /* Pods-ToDoList.debug.xcconfig */;
			buildSettings = {
				ASSETCATALOG_COMPILER_APPICON_NAME = AppIcon;
				ASSETCATALOG_COMPILER_GLOBAL_ACCENT_COLOR_NAME = AccentColor;
				CODE_SIGN_STYLE = Automatic;
				CURRENT_PROJECT_VERSION = 1;
				DEVELOPMENT_TEAM = S597543FQ7;
				ENABLE_USER_SCRIPT_SANDBOXING = NO;
				GENERATE_INFOPLIST_FILE = YES;
				INFOPLIST_FILE = ToDoList/Info.plist;
				INFOPLIST_KEY_UIApplicationSupportsIndirectInputEvents = YES;
				INFOPLIST_KEY_UILaunchStoryboardName = LaunchScreen;
				INFOPLIST_KEY_UISupportedInterfaceOrientations_iPad = "UIInterfaceOrientationPortrait UIInterfaceOrientationPortraitUpsideDown UIInterfaceOrientationLandscapeLeft UIInterfaceOrientationLandscapeRight";
				INFOPLIST_KEY_UISupportedInterfaceOrientations_iPhone = "UIInterfaceOrientationPortrait UIInterfaceOrientationLandscapeLeft UIInterfaceOrientationLandscapeRight";
				LD_RUNPATH_SEARCH_PATHS = (
					"$(inherited)",
					"@executable_path/Frameworks",
				);
				MARKETING_VERSION = 1.0;
				PRODUCT_BUNDLE_IDENTIFIER = "artem.makej-bk.ru.ToDoList";
				PRODUCT_NAME = "$(TARGET_NAME)";
				SWIFT_EMIT_LOC_STRINGS = YES;
				SWIFT_VERSION = 5.0;
				TARGETED_DEVICE_FAMILY = "1,2";
			};
			name = Debug;
		};
		AC6BBDD92C7F658C0096A74A /* Release */ = {
			isa = XCBuildConfiguration;
			baseConfigurationReference = 5C396469E7BE9555B05C278F /* Pods-ToDoList.release.xcconfig */;
			buildSettings = {
				ASSETCATALOG_COMPILER_APPICON_NAME = AppIcon;
				ASSETCATALOG_COMPILER_GLOBAL_ACCENT_COLOR_NAME = AccentColor;
				CODE_SIGN_STYLE = Automatic;
				CURRENT_PROJECT_VERSION = 1;
				DEVELOPMENT_TEAM = S597543FQ7;
				ENABLE_USER_SCRIPT_SANDBOXING = NO;
				GENERATE_INFOPLIST_FILE = YES;
				INFOPLIST_FILE = ToDoList/Info.plist;
				INFOPLIST_KEY_UIApplicationSupportsIndirectInputEvents = YES;
				INFOPLIST_KEY_UILaunchStoryboardName = LaunchScreen;
				INFOPLIST_KEY_UISupportedInterfaceOrientations_iPad = "UIInterfaceOrientationPortrait UIInterfaceOrientationPortraitUpsideDown UIInterfaceOrientationLandscapeLeft UIInterfaceOrientationLandscapeRight";
				INFOPLIST_KEY_UISupportedInterfaceOrientations_iPhone = "UIInterfaceOrientationPortrait UIInterfaceOrientationLandscapeLeft UIInterfaceOrientationLandscapeRight";
				LD_RUNPATH_SEARCH_PATHS = (
					"$(inherited)",
					"@executable_path/Frameworks",
				);
				MARKETING_VERSION = 1.0;
				PRODUCT_BUNDLE_IDENTIFIER = "artem.makej-bk.ru.ToDoList";
				PRODUCT_NAME = "$(TARGET_NAME)";
				SWIFT_EMIT_LOC_STRINGS = YES;
				SWIFT_VERSION = 5.0;
				TARGETED_DEVICE_FAMILY = "1,2";
			};
			name = Release;
		};
		AC6BBDDB2C7F658C0096A74A /* Debug */ = {
			isa = XCBuildConfiguration;
			baseConfigurationReference = 43BB384AE64C4FB0BC244A80 /* Pods-ToDoListTests.debug.xcconfig */;
			buildSettings = {
				ALWAYS_EMBED_SWIFT_STANDARD_LIBRARIES = YES;
				BUNDLE_LOADER = "$(TEST_HOST)";
				CODE_SIGN_STYLE = Automatic;
				CURRENT_PROJECT_VERSION = 1;
				DEVELOPMENT_TEAM = S597543FQ7;
				GENERATE_INFOPLIST_FILE = YES;
				IPHONEOS_DEPLOYMENT_TARGET = 17.2;
				MARKETING_VERSION = 1.0;
				PRODUCT_BUNDLE_IDENTIFIER = "artem.makej-bk.ru.ToDoListTests";
				PRODUCT_NAME = "$(TARGET_NAME)";
				SWIFT_EMIT_LOC_STRINGS = NO;
				SWIFT_VERSION = 5.0;
				TARGETED_DEVICE_FAMILY = "1,2";
				TEST_HOST = "$(BUILT_PRODUCTS_DIR)/ToDoList.app/$(BUNDLE_EXECUTABLE_FOLDER_PATH)/ToDoList";
			};
			name = Debug;
		};
		AC6BBDDC2C7F658C0096A74A /* Release */ = {
			isa = XCBuildConfiguration;
			baseConfigurationReference = 601060C37D56CC2056BEDF18 /* Pods-ToDoListTests.release.xcconfig */;
			buildSettings = {
				ALWAYS_EMBED_SWIFT_STANDARD_LIBRARIES = YES;
				BUNDLE_LOADER = "$(TEST_HOST)";
				CODE_SIGN_STYLE = Automatic;
				CURRENT_PROJECT_VERSION = 1;
				DEVELOPMENT_TEAM = S597543FQ7;
				GENERATE_INFOPLIST_FILE = YES;
				IPHONEOS_DEPLOYMENT_TARGET = 17.2;
				MARKETING_VERSION = 1.0;
				PRODUCT_BUNDLE_IDENTIFIER = "artem.makej-bk.ru.ToDoListTests";
				PRODUCT_NAME = "$(TARGET_NAME)";
				SWIFT_EMIT_LOC_STRINGS = NO;
				SWIFT_VERSION = 5.0;
				TARGETED_DEVICE_FAMILY = "1,2";
				TEST_HOST = "$(BUILT_PRODUCTS_DIR)/ToDoList.app/$(BUNDLE_EXECUTABLE_FOLDER_PATH)/ToDoList";
			};
			name = Release;
		};
		AC6BBDDE2C7F658C0096A74A /* Debug */ = {
			isa = XCBuildConfiguration;
			baseConfigurationReference = 955BFF30F68D7344B60514B3 /* Pods-ToDoList-ToDoListUITests.debug.xcconfig */;
			buildSettings = {
				ALWAYS_EMBED_SWIFT_STANDARD_LIBRARIES = YES;
				CODE_SIGN_STYLE = Automatic;
				CURRENT_PROJECT_VERSION = 1;
				DEVELOPMENT_TEAM = S597543FQ7;
				GENERATE_INFOPLIST_FILE = YES;
				MARKETING_VERSION = 1.0;
				PRODUCT_BUNDLE_IDENTIFIER = "artem.makej-bk.ru.ToDoListUITests";
				PRODUCT_NAME = "$(TARGET_NAME)";
				SWIFT_EMIT_LOC_STRINGS = NO;
				SWIFT_VERSION = 5.0;
				TARGETED_DEVICE_FAMILY = "1,2";
				TEST_TARGET_NAME = ToDoList;
			};
			name = Debug;
		};
		AC6BBDDF2C7F658C0096A74A /* Release */ = {
			isa = XCBuildConfiguration;
			baseConfigurationReference = C7E125508A751F2B3C7DDD21 /* Pods-ToDoList-ToDoListUITests.release.xcconfig */;
			buildSettings = {
				ALWAYS_EMBED_SWIFT_STANDARD_LIBRARIES = YES;
				CODE_SIGN_STYLE = Automatic;
				CURRENT_PROJECT_VERSION = 1;
				DEVELOPMENT_TEAM = S597543FQ7;
				GENERATE_INFOPLIST_FILE = YES;
				MARKETING_VERSION = 1.0;
				PRODUCT_BUNDLE_IDENTIFIER = "artem.makej-bk.ru.ToDoListUITests";
				PRODUCT_NAME = "$(TARGET_NAME)";
				SWIFT_EMIT_LOC_STRINGS = NO;
				SWIFT_VERSION = 5.0;
				TARGETED_DEVICE_FAMILY = "1,2";
				TEST_TARGET_NAME = ToDoList;
			};
			name = Release;
		};
/* End XCBuildConfiguration section */

/* Begin XCConfigurationList section */
		AC6BBDA52C7F658A0096A74A /* Build configuration list for PBXProject "ToDoList" */ = {
			isa = XCConfigurationList;
			buildConfigurations = (
				AC6BBDD52C7F658C0096A74A /* Debug */,
				AC6BBDD62C7F658C0096A74A /* Release */,
			);
			defaultConfigurationIsVisible = 0;
			defaultConfigurationName = Release;
		};
		AC6BBDD72C7F658C0096A74A /* Build configuration list for PBXNativeTarget "ToDoList" */ = {
			isa = XCConfigurationList;
			buildConfigurations = (
				AC6BBDD82C7F658C0096A74A /* Debug */,
				AC6BBDD92C7F658C0096A74A /* Release */,
			);
			defaultConfigurationIsVisible = 0;
			defaultConfigurationName = Release;
		};
		AC6BBDDA2C7F658C0096A74A /* Build configuration list for PBXNativeTarget "ToDoListTests" */ = {
			isa = XCConfigurationList;
			buildConfigurations = (
				AC6BBDDB2C7F658C0096A74A /* Debug */,
				AC6BBDDC2C7F658C0096A74A /* Release */,
			);
			defaultConfigurationIsVisible = 0;
			defaultConfigurationName = Release;
		};
		AC6BBDDD2C7F658C0096A74A /* Build configuration list for PBXNativeTarget "ToDoListUITests" */ = {
			isa = XCConfigurationList;
			buildConfigurations = (
				AC6BBDDE2C7F658C0096A74A /* Debug */,
				AC6BBDDF2C7F658C0096A74A /* Release */,
			);
			defaultConfigurationIsVisible = 0;
			defaultConfigurationName = Release;
		};
/* End XCConfigurationList section */

/* Begin XCVersionGroup section */
		AC6BBDB62C7F658A0096A74A /* ToDoList.xcdatamodeld */ = {
			isa = XCVersionGroup;
			children = (
				AC6BBDB72C7F658A0096A74A /* ToDoList.xcdatamodel */,
			);
			currentVersion = AC6BBDB72C7F658A0096A74A /* ToDoList.xcdatamodel */;
			path = ToDoList.xcdatamodeld;
			sourceTree = "<group>";
			versionGroupType = wrapper.xcdatamodel;
		};
/* End XCVersionGroup section */
	};
	rootObject = AC6BBDA22C7F658A0096A74A /* Project object */;
}
