// !$*UTF8*$!
{
	archiveVersion = 1;
	classes = {
	};
	objectVersion = 56;
	objects = {

/* Begin PBXBuildFile section */
		2C2E037B2C838A0900EF72D5 /* TasksInteractor.swift in Sources */ = {isa = PBXBuildFile; fileRef = 2C2E037A2C838A0900EF72D5 /* TasksInteractor.swift */; };
		2C2E037D2C838A3B00EF72D5 /* TasksRouter.swift in Sources */ = {isa = PBXBuildFile; fileRef = 2C2E037C2C838A3B00EF72D5 /* TasksRouter.swift */; };
		2C2E037F2C838F7900EF72D5 /* RemoteTodosService.swift in Sources */ = {isa = PBXBuildFile; fileRef = 2C2E037E2C838F7900EF72D5 /* RemoteTodosService.swift */; };
		2C2E03812C838F8A00EF72D5 /* INetworkService.swift in Sources */ = {isa = PBXBuildFile; fileRef = 2C2E03802C838F8A00EF72D5 /* INetworkService.swift */; };
		2C2E03852C83977600EF72D5 /* IUserDefaults.swift in Sources */ = {isa = PBXBuildFile; fileRef = 2C2E03842C83977600EF72D5 /* IUserDefaults.swift */; };
		2C2E03872C83978900EF72D5 /* IStorageService.swift in Sources */ = {isa = PBXBuildFile; fileRef = 2C2E03862C83978900EF72D5 /* IStorageService.swift */; };
		2C2E03892C83985E00EF72D5 /* ToDosWrapper.swift in Sources */ = {isa = PBXBuildFile; fileRef = 2C2E03882C83985E00EF72D5 /* ToDosWrapper.swift */; };
		2C2E038B2C83986C00EF72D5 /* ToDoCellType.swift in Sources */ = {isa = PBXBuildFile; fileRef = 2C2E038A2C83986C00EF72D5 /* ToDoCellType.swift */; };
		2C2E038D2C83987D00EF72D5 /* ToDoSection.swift in Sources */ = {isa = PBXBuildFile; fileRef = 2C2E038C2C83987D00EF72D5 /* ToDoSection.swift */; };
		2C2E038F2C8398B300EF72D5 /* TasksStorageService.swift in Sources */ = {isa = PBXBuildFile; fileRef = 2C2E038E2C8398B300EF72D5 /* TasksStorageService.swift */; };
		2C2E03912C83992C00EF72D5 /* IMainQueue.swift in Sources */ = {isa = PBXBuildFile; fileRef = 2C2E03902C83992C00EF72D5 /* IMainQueue.swift */; };
		2C2E03932C839C9700EF72D5 /* ToDoViewModel.swift in Sources */ = {isa = PBXBuildFile; fileRef = 2C2E03922C839C9700EF72D5 /* ToDoViewModel.swift */; };
		2C2E039D2C83A76500EF72D5 /* TaskDetailsRouter.swift in Sources */ = {isa = PBXBuildFile; fileRef = 2C2E039C2C83A76500EF72D5 /* TaskDetailsRouter.swift */; };
		2C2E039F2C83A79000EF72D5 /* TaskDetailsInteractor.swift in Sources */ = {isa = PBXBuildFile; fileRef = 2C2E039E2C83A79000EF72D5 /* TaskDetailsInteractor.swift */; };
		2C2E03A22C83ADC300EF72D5 /* DateFormatter+Ext.swift in Sources */ = {isa = PBXBuildFile; fileRef = 2C2E03A12C83ADC300EF72D5 /* DateFormatter+Ext.swift */; };
		2CCC5AB02C8529A200EAAB22 /* Model.xcdatamodeld in Sources */ = {isa = PBXBuildFile; fileRef = 2CCC5AAE2C8529A200EAAB22 /* Model.xcdatamodeld */; };
		2CCC5AB72C85340300EAAB22 /* ToDoEntity+CoreDataClass.swift in Sources */ = {isa = PBXBuildFile; fileRef = 2CCC5AB52C85340300EAAB22 /* ToDoEntity+CoreDataClass.swift */; };
		2CCC5AB82C85340300EAAB22 /* ToDoEntity+CoreDataProperties.swift in Sources */ = {isa = PBXBuildFile; fileRef = 2CCC5AB62C85340300EAAB22 /* ToDoEntity+CoreDataProperties.swift */; };
		6BA21B0A04F7A05EB8B0E3CA /* Pods_ToDoList.framework in Frameworks */ = {isa = PBXBuildFile; fileRef = 818124FDA3CC21F011DDFDF5 /* Pods_ToDoList.framework */; };
		AC6BBDAE2C7F658A0096A74A /* AppDelegate.swift in Sources */ = {isa = PBXBuildFile; fileRef = AC6BBDAD2C7F658A0096A74A /* AppDelegate.swift */; };
		AC6BBDB02C7F658A0096A74A /* SceneDelegate.swift in Sources */ = {isa = PBXBuildFile; fileRef = AC6BBDAF2C7F658A0096A74A /* SceneDelegate.swift */; };
		AC6BBDB22C7F658A0096A74A /* TaskDetailsViewController.swift in Sources */ = {isa = PBXBuildFile; fileRef = AC6BBDB12C7F658A0096A74A /* TaskDetailsViewController.swift */; };
		AC6BBDBA2C7F658C0096A74A /* Assets.xcassets in Resources */ = {isa = PBXBuildFile; fileRef = AC6BBDB92C7F658C0096A74A /* Assets.xcassets */; };
		AC6BBDBD2C7F658C0096A74A /* LaunchScreen.storyboard in Resources */ = {isa = PBXBuildFile; fileRef = AC6BBDBB2C7F658C0096A74A /* LaunchScreen.storyboard */; };
		AC6BBDC82C7F658C0096A74A /* ToDoListTests.swift in Sources */ = {isa = PBXBuildFile; fileRef = AC6BBDC72C7F658C0096A74A /* ToDoListTests.swift */; };
		AC6BBDE32C7F6BD90096A74A /* TaskDetailsPresenter.swift in Sources */ = {isa = PBXBuildFile; fileRef = AC6BBDE22C7F6BD90096A74A /* TaskDetailsPresenter.swift */; };
		AC6BBDE52C7F6BF30096A74A /* ToDoModel.swift in Sources */ = {isa = PBXBuildFile; fileRef = AC6BBDE42C7F6BF30096A74A /* ToDoModel.swift */; };
		AC6BBDE72C7F6C2E0096A74A /* TasksViewController.swift in Sources */ = {isa = PBXBuildFile; fileRef = AC6BBDE62C7F6C2E0096A74A /* TasksViewController.swift */; };
		AC6BBDE92C7F6C4F0096A74A /* TasksPresenter.swift in Sources */ = {isa = PBXBuildFile; fileRef = AC6BBDE82C7F6C4F0096A74A /* TasksPresenter.swift */; };
		AC6BBDEB2C7F6C720096A74A /* TaskDetailsAssembly.swift in Sources */ = {isa = PBXBuildFile; fileRef = AC6BBDEA2C7F6C720096A74A /* TaskDetailsAssembly.swift */; };
		AC6BBDED2C7F6CF30096A74A /* TasksAssembly.swift in Sources */ = {isa = PBXBuildFile; fileRef = AC6BBDEC2C7F6CF30096A74A /* TasksAssembly.swift */; };
		AC8125AE2C7F79AE00BDC5E4 /* RootAssembly.swift in Sources */ = {isa = PBXBuildFile; fileRef = AC8125AD2C7F79AE00BDC5E4 /* RootAssembly.swift */; };
		AC8125B02C7FCBCE00BDC5E4 /* Font.swift in Sources */ = {isa = PBXBuildFile; fileRef = AC8125AF2C7FCBCE00BDC5E4 /* Font.swift */; };
		AC8125B42C80C31900BDC5E4 /* ToDoCell.swift in Sources */ = {isa = PBXBuildFile; fileRef = AC8125B32C80C31900BDC5E4 /* ToDoCell.swift */; };
/* End PBXBuildFile section */

/* Begin PBXContainerItemProxy section */
		AC6BBDC42C7F658C0096A74A /* PBXContainerItemProxy */ = {
			isa = PBXContainerItemProxy;
			containerPortal = AC6BBDA22C7F658A0096A74A /* Project object */;
			proxyType = 1;
			remoteGlobalIDString = AC6BBDA92C7F658A0096A74A;
			remoteInfo = ToDoList;
		};
/* End PBXContainerItemProxy section */

/* Begin PBXFileReference section */
		1CCEF9CFE1684BC7C6A2D24C /* Pods_ToDoList_ToDoListUITests.framework */ = {isa = PBXFileReference; explicitFileType = wrapper.framework; includeInIndex = 0; path = Pods_ToDoList_ToDoListUITests.framework; sourceTree = BUILT_PRODUCTS_DIR; };
		2C2E037A2C838A0900EF72D5 /* TasksInteractor.swift */ = {isa = PBXFileReference; lastKnownFileType = sourcecode.swift; path = TasksInteractor.swift; sourceTree = "<group>"; };
		2C2E037C2C838A3B00EF72D5 /* TasksRouter.swift */ = {isa = PBXFileReference; lastKnownFileType = sourcecode.swift; path = TasksRouter.swift; sourceTree = "<group>"; };
		2C2E037E2C838F7900EF72D5 /* RemoteTodosService.swift */ = {isa = PBXFileReference; lastKnownFileType = sourcecode.swift; path = RemoteTodosService.swift; sourceTree = "<group>"; };
		2C2E03802C838F8A00EF72D5 /* INetworkService.swift */ = {isa = PBXFileReference; lastKnownFileType = sourcecode.swift; path = INetworkService.swift; sourceTree = "<group>"; };
		2C2E03842C83977600EF72D5 /* IUserDefaults.swift */ = {isa = PBXFileReference; lastKnownFileType = sourcecode.swift; path = IUserDefaults.swift; sourceTree = "<group>"; };
		2C2E03862C83978900EF72D5 /* IStorageService.swift */ = {isa = PBXFileReference; lastKnownFileType = sourcecode.swift; path = IStorageService.swift; sourceTree = "<group>"; };
		2C2E03882C83985E00EF72D5 /* ToDosWrapper.swift */ = {isa = PBXFileReference; lastKnownFileType = sourcecode.swift; path = ToDosWrapper.swift; sourceTree = "<group>"; };
		2C2E038A2C83986C00EF72D5 /* ToDoCellType.swift */ = {isa = PBXFileReference; lastKnownFileType = sourcecode.swift; path = ToDoCellType.swift; sourceTree = "<group>"; };
		2C2E038C2C83987D00EF72D5 /* ToDoSection.swift */ = {isa = PBXFileReference; lastKnownFileType = sourcecode.swift; path = ToDoSection.swift; sourceTree = "<group>"; };
		2C2E038E2C8398B300EF72D5 /* TasksStorageService.swift */ = {isa = PBXFileReference; lastKnownFileType = sourcecode.swift; path = TasksStorageService.swift; sourceTree = "<group>"; };
		2C2E03902C83992C00EF72D5 /* IMainQueue.swift */ = {isa = PBXFileReference; lastKnownFileType = sourcecode.swift; path = IMainQueue.swift; sourceTree = "<group>"; };
		2C2E03922C839C9700EF72D5 /* ToDoViewModel.swift */ = {isa = PBXFileReference; lastKnownFileType = sourcecode.swift; path = ToDoViewModel.swift; sourceTree = "<group>"; };
		2C2E039C2C83A76500EF72D5 /* TaskDetailsRouter.swift */ = {isa = PBXFileReference; lastKnownFileType = sourcecode.swift; path = TaskDetailsRouter.swift; sourceTree = "<group>"; };
		2C2E039E2C83A79000EF72D5 /* TaskDetailsInteractor.swift */ = {isa = PBXFileReference; lastKnownFileType = sourcecode.swift; path = TaskDetailsInteractor.swift; sourceTree = "<group>"; };
		2C2E03A12C83ADC300EF72D5 /* DateFormatter+Ext.swift */ = {isa = PBXFileReference; lastKnownFileType = sourcecode.swift; path = "DateFormatter+Ext.swift"; sourceTree = "<group>"; };
		2CCC5AAF2C8529A200EAAB22 /* Model.xcdatamodel */ = {isa = PBXFileReference; lastKnownFileType = wrapper.xcdatamodel; path = Model.xcdatamodel; sourceTree = "<group>"; };
		2CCC5AB52C85340300EAAB22 /* ToDoEntity+CoreDataClass.swift */ = {isa = PBXFileReference; lastKnownFileType = sourcecode.swift; name = "ToDoEntity+CoreDataClass.swift"; path = "../../../../../ToDoList 2/ToDoList/Screens/Tasks/Entities/ToDoEntity+CoreDataClass.swift"; sourceTree = "<group>"; };
		2CCC5AB62C85340300EAAB22 /* ToDoEntity+CoreDataProperties.swift */ = {isa = PBXFileReference; lastKnownFileType = sourcecode.swift; name = "ToDoEntity+CoreDataProperties.swift"; path = "../../../../../ToDoList 2/ToDoList/Screens/Tasks/Entities/ToDoEntity+CoreDataProperties.swift"; sourceTree = "<group>"; };
		5C396469E7BE9555B05C278F /* Pods-ToDoList.release.xcconfig */ = {isa = PBXFileReference; includeInIndex = 1; lastKnownFileType = text.xcconfig; name = "Pods-ToDoList.release.xcconfig"; path = "Target Support Files/Pods-ToDoList/Pods-ToDoList.release.xcconfig"; sourceTree = "<group>"; };
		818124FDA3CC21F011DDFDF5 /* Pods_ToDoList.framework */ = {isa = PBXFileReference; explicitFileType = wrapper.framework; includeInIndex = 0; path = Pods_ToDoList.framework; sourceTree = BUILT_PRODUCTS_DIR; };
		955BFF30F68D7344B60514B3 /* Pods-ToDoList-ToDoListUITests.debug.xcconfig */ = {isa = PBXFileReference; includeInIndex = 1; lastKnownFileType = text.xcconfig; name = "Pods-ToDoList-ToDoListUITests.debug.xcconfig"; path = "Target Support Files/Pods-ToDoList-ToDoListUITests/Pods-ToDoList-ToDoListUITests.debug.xcconfig"; sourceTree = "<group>"; };
		AC6BBDAA2C7F658A0096A74A /* ToDoList.app */ = {isa = PBXFileReference; explicitFileType = wrapper.application; includeInIndex = 0; path = ToDoList.app; sourceTree = BUILT_PRODUCTS_DIR; };
		AC6BBDAD2C7F658A0096A74A /* AppDelegate.swift */ = {isa = PBXFileReference; lastKnownFileType = sourcecode.swift; path = AppDelegate.swift; sourceTree = "<group>"; };
		AC6BBDAF2C7F658A0096A74A /* SceneDelegate.swift */ = {isa = PBXFileReference; lastKnownFileType = sourcecode.swift; path = SceneDelegate.swift; sourceTree = "<group>"; };
		AC6BBDB12C7F658A0096A74A /* TaskDetailsViewController.swift */ = {isa = PBXFileReference; lastKnownFileType = sourcecode.swift; path = TaskDetailsViewController.swift; sourceTree = "<group>"; };
		AC6BBDB92C7F658C0096A74A /* Assets.xcassets */ = {isa = PBXFileReference; lastKnownFileType = folder.assetcatalog; path = Assets.xcassets; sourceTree = "<group>"; };
		AC6BBDBC2C7F658C0096A74A /* Base */ = {isa = PBXFileReference; lastKnownFileType = file.storyboard; name = Base; path = Base.lproj/LaunchScreen.storyboard; sourceTree = "<group>"; };
		AC6BBDBE2C7F658C0096A74A /* Info.plist */ = {isa = PBXFileReference; lastKnownFileType = text.plist.xml; path = Info.plist; sourceTree = "<group>"; };
		AC6BBDC32C7F658C0096A74A /* ToDoListTests.xctest */ = {isa = PBXFileReference; explicitFileType = wrapper.cfbundle; includeInIndex = 0; path = ToDoListTests.xctest; sourceTree = BUILT_PRODUCTS_DIR; };
		AC6BBDC72C7F658C0096A74A /* ToDoListTests.swift */ = {isa = PBXFileReference; lastKnownFileType = sourcecode.swift; path = ToDoListTests.swift; sourceTree = "<group>"; };
		AC6BBDE22C7F6BD90096A74A /* TaskDetailsPresenter.swift */ = {isa = PBXFileReference; lastKnownFileType = sourcecode.swift; path = TaskDetailsPresenter.swift; sourceTree = "<group>"; };
		AC6BBDE42C7F6BF30096A74A /* ToDoModel.swift */ = {isa = PBXFileReference; lastKnownFileType = sourcecode.swift; path = ToDoModel.swift; sourceTree = "<group>"; };
		AC6BBDE62C7F6C2E0096A74A /* TasksViewController.swift */ = {isa = PBXFileReference; lastKnownFileType = sourcecode.swift; path = TasksViewController.swift; sourceTree = "<group>"; };
		AC6BBDE82C7F6C4F0096A74A /* TasksPresenter.swift */ = {isa = PBXFileReference; lastKnownFileType = sourcecode.swift; path = TasksPresenter.swift; sourceTree = "<group>"; };
		AC6BBDEA2C7F6C720096A74A /* TaskDetailsAssembly.swift */ = {isa = PBXFileReference; lastKnownFileType = sourcecode.swift; path = TaskDetailsAssembly.swift; sourceTree = "<group>"; };
		AC6BBDEC2C7F6CF30096A74A /* TasksAssembly.swift */ = {isa = PBXFileReference; lastKnownFileType = sourcecode.swift; path = TasksAssembly.swift; sourceTree = "<group>"; };
		AC8125AD2C7F79AE00BDC5E4 /* RootAssembly.swift */ = {isa = PBXFileReference; lastKnownFileType = sourcecode.swift; path = RootAssembly.swift; sourceTree = "<group>"; };
		AC8125AF2C7FCBCE00BDC5E4 /* Font.swift */ = {isa = PBXFileReference; lastKnownFileType = sourcecode.swift; path = Font.swift; sourceTree = "<group>"; };
		AC8125B22C7FCBFD00BDC5E4 /* Avenir Next.ttc */ = {isa = PBXFileReference; lastKnownFileType = file; path = "Avenir Next.ttc"; sourceTree = "<group>"; };
		AC8125B32C80C31900BDC5E4 /* ToDoCell.swift */ = {isa = PBXFileReference; lastKnownFileType = sourcecode.swift; path = ToDoCell.swift; sourceTree = "<group>"; };
		BD258249EA8C5E8436F44985 /* Pods-ToDoList.debug.xcconfig */ = {isa = PBXFileReference; includeInIndex = 1; lastKnownFileType = text.xcconfig; name = "Pods-ToDoList.debug.xcconfig"; path = "Target Support Files/Pods-ToDoList/Pods-ToDoList.debug.xcconfig"; sourceTree = "<group>"; };
		C7E125508A751F2B3C7DDD21 /* Pods-ToDoList-ToDoListUITests.release.xcconfig */ = {isa = PBXFileReference; includeInIndex = 1; lastKnownFileType = text.xcconfig; name = "Pods-ToDoList-ToDoListUITests.release.xcconfig"; path = "Target Support Files/Pods-ToDoList-ToDoListUITests/Pods-ToDoList-ToDoListUITests.release.xcconfig"; sourceTree = "<group>"; };
/* End PBXFileReference section */

/* Begin PBXFrameworksBuildPhase section */
		AC6BBDA72C7F658A0096A74A /* Frameworks */ = {
			isa = PBXFrameworksBuildPhase;
			buildActionMask = 2147483647;
			files = (
				6BA21B0A04F7A05EB8B0E3CA /* Pods_ToDoList.framework in Frameworks */,
			);
			runOnlyForDeploymentPostprocessing = 0;
		};
		AC6BBDC02C7F658C0096A74A /* Frameworks */ = {
			isa = PBXFrameworksBuildPhase;
			buildActionMask = 2147483647;
			files = (
			);
			runOnlyForDeploymentPostprocessing = 0;
		};
/* End PBXFrameworksBuildPhase section */

/* Begin PBXGroup section */
		2C2E03732C8389B500EF72D5 /* Tasks */ = {
			isa = PBXGroup;
			children = (
				2C2E03942C839ED100EF72D5 /* Assembly */,
				2C2E03822C838F9600EF72D5 /* Services */,
				2C2E03792C8389FC00EF72D5 /* Router */,
				2C2E03782C8389F600EF72D5 /* Presenter */,
				2C2E03772C8389F200EF72D5 /* View */,
				2C2E03762C8389ED00EF72D5 /* Interactor */,
				2C2E03752C8389D400EF72D5 /* Entities */,
			);
			path = Tasks;
			sourceTree = "<group>";
		};
		2C2E03742C8389C100EF72D5 /* Screens */ = {
			isa = PBXGroup;
			children = (
				2C2E03952C83A73000EF72D5 /* TaskDetails */,
				2C2E03732C8389B500EF72D5 /* Tasks */,
			);
			path = Screens;
			sourceTree = "<group>";
		};
		2C2E03752C8389D400EF72D5 /* Entities */ = {
			isa = PBXGroup;
			children = (
				2CCC5AB52C85340300EAAB22 /* ToDoEntity+CoreDataClass.swift */,
				2CCC5AB62C85340300EAAB22 /* ToDoEntity+CoreDataProperties.swift */,
				AC6BBDE42C7F6BF30096A74A /* ToDoModel.swift */,
				2C2E038A2C83986C00EF72D5 /* ToDoCellType.swift */,
				2C2E038C2C83987D00EF72D5 /* ToDoSection.swift */,
				2C2E03882C83985E00EF72D5 /* ToDosWrapper.swift */,
				2C2E03922C839C9700EF72D5 /* ToDoViewModel.swift */,
			);
			path = Entities;
			sourceTree = "<group>";
		};
		2C2E03762C8389ED00EF72D5 /* Interactor */ = {
			isa = PBXGroup;
			children = (
				2C2E037A2C838A0900EF72D5 /* TasksInteractor.swift */,
			);
			path = Interactor;
			sourceTree = "<group>";
		};
		2C2E03772C8389F200EF72D5 /* View */ = {
			isa = PBXGroup;
			children = (
				AC8125B32C80C31900BDC5E4 /* ToDoCell.swift */,
				AC6BBDE62C7F6C2E0096A74A /* TasksViewController.swift */,
			);
			path = View;
			sourceTree = "<group>";
		};
		2C2E03782C8389F600EF72D5 /* Presenter */ = {
			isa = PBXGroup;
			children = (
				AC6BBDE82C7F6C4F0096A74A /* TasksPresenter.swift */,
			);
			path = Presenter;
			sourceTree = "<group>";
		};
		2C2E03792C8389FC00EF72D5 /* Router */ = {
			isa = PBXGroup;
			children = (
				2C2E037C2C838A3B00EF72D5 /* TasksRouter.swift */,
			);
			path = Router;
			sourceTree = "<group>";
		};
		2C2E03822C838F9600EF72D5 /* Services */ = {
			isa = PBXGroup;
			children = (
				2C2E037E2C838F7900EF72D5 /* RemoteTodosService.swift */,
				2C2E038E2C8398B300EF72D5 /* TasksStorageService.swift */,
			);
			path = Services;
			sourceTree = "<group>";
		};
		2C2E03832C838FA200EF72D5 /* Services */ = {
			isa = PBXGroup;
			children = (
				2C2E03802C838F8A00EF72D5 /* INetworkService.swift */,
				2C2E03842C83977600EF72D5 /* IUserDefaults.swift */,
				2C2E03862C83978900EF72D5 /* IStorageService.swift */,
				2C2E03902C83992C00EF72D5 /* IMainQueue.swift */,
			);
			path = Services;
			sourceTree = "<group>";
		};
		2C2E03942C839ED100EF72D5 /* Assembly */ = {
			isa = PBXGroup;
			children = (
				AC6BBDEC2C7F6CF30096A74A /* TasksAssembly.swift */,
			);
			path = Assembly;
			sourceTree = "<group>";
		};
		2C2E03952C83A73000EF72D5 /* TaskDetails */ = {
			isa = PBXGroup;
			children = (
				2C2E039B2C83A75400EF72D5 /* Router */,
				2C2E03992C83A74800EF72D5 /* View */,
				2C2E03982C83A74200EF72D5 /* Presenter */,
				2C2E03972C83A73D00EF72D5 /* Assembly */,
				2C2E03962C83A73700EF72D5 /* Interactor */,
			);
			path = TaskDetails;
			sourceTree = "<group>";
		};
		2C2E03962C83A73700EF72D5 /* Interactor */ = {
			isa = PBXGroup;
			children = (
				2C2E039E2C83A79000EF72D5 /* TaskDetailsInteractor.swift */,
			);
			path = Interactor;
			sourceTree = "<group>";
		};
		2C2E03972C83A73D00EF72D5 /* Assembly */ = {
			isa = PBXGroup;
			children = (
				AC6BBDEA2C7F6C720096A74A /* TaskDetailsAssembly.swift */,
			);
			path = Assembly;
			sourceTree = "<group>";
		};
		2C2E03982C83A74200EF72D5 /* Presenter */ = {
			isa = PBXGroup;
			children = (
				AC6BBDE22C7F6BD90096A74A /* TaskDetailsPresenter.swift */,
			);
			path = Presenter;
			sourceTree = "<group>";
		};
		2C2E03992C83A74800EF72D5 /* View */ = {
			isa = PBXGroup;
			children = (
				AC6BBDB12C7F658A0096A74A /* TaskDetailsViewController.swift */,
			);
			path = View;
			sourceTree = "<group>";
		};
		2C2E039B2C83A75400EF72D5 /* Router */ = {
			isa = PBXGroup;
			children = (
				2C2E039C2C83A76500EF72D5 /* TaskDetailsRouter.swift */,
			);
			path = Router;
			sourceTree = "<group>";
		};
		2C2E03A02C83ADBC00EF72D5 /* Extensions */ = {
			isa = PBXGroup;
			children = (
				2C2E03A12C83ADC300EF72D5 /* DateFormatter+Ext.swift */,
			);
			path = Extensions;
			sourceTree = "<group>";
		};
		AC6BBDA12C7F658A0096A74A = {
			isa = PBXGroup;
			children = (
				AC6BBDAC2C7F658A0096A74A /* ToDoList */,
				AC6BBDC62C7F658C0096A74A /* ToDoListTests */,
				AC6BBDAB2C7F658A0096A74A /* Products */,
				BE7F1F07363442CBA8A4924F /* Pods */,
				C621D591D46B66A1CE5E9988 /* Frameworks */,
			);
			sourceTree = "<group>";
		};
		AC6BBDAB2C7F658A0096A74A /* Products */ = {
			isa = PBXGroup;
			children = (
				AC6BBDAA2C7F658A0096A74A /* ToDoList.app */,
				AC6BBDC32C7F658C0096A74A /* ToDoListTests.xctest */,
			);
			name = Products;
			sourceTree = "<group>";
		};
		AC6BBDAC2C7F658A0096A74A /* ToDoList */ = {
			isa = PBXGroup;
			children = (
				2C2E03A02C83ADBC00EF72D5 /* Extensions */,
				2C2E03832C838FA200EF72D5 /* Services */,
				2C2E03742C8389C100EF72D5 /* Screens */,
				AC6BBDAD2C7F658A0096A74A /* AppDelegate.swift */,
				AC6BBDAF2C7F658A0096A74A /* SceneDelegate.swift */,
				AC8125B12C7FCBE300BDC5E4 /* Font */,
				AC8125AD2C7F79AE00BDC5E4 /* RootAssembly.swift */,
				AC6BBDB92C7F658C0096A74A /* Assets.xcassets */,
				AC6BBDBB2C7F658C0096A74A /* LaunchScreen.storyboard */,
				AC6BBDBE2C7F658C0096A74A /* Info.plist */,
				2CCC5AAE2C8529A200EAAB22 /* Model.xcdatamodeld */,
			);
			path = ToDoList;
			sourceTree = "<group>";
		};
		AC6BBDC62C7F658C0096A74A /* ToDoListTests */ = {
			isa = PBXGroup;
			children = (
				AC6BBDC72C7F658C0096A74A /* ToDoListTests.swift */,
			);
			path = ToDoListTests;
			sourceTree = "<group>";
		};
		AC8125B12C7FCBE300BDC5E4 /* Font */ = {
			isa = PBXGroup;
			children = (
				AC8125B22C7FCBFD00BDC5E4 /* Avenir Next.ttc */,
				AC8125AF2C7FCBCE00BDC5E4 /* Font.swift */,
			);
			path = Font;
			sourceTree = "<group>";
		};
		BE7F1F07363442CBA8A4924F /* Pods */ = {
			isa = PBXGroup;
			children = (
				BD258249EA8C5E8436F44985 /* Pods-ToDoList.debug.xcconfig */,
				5C396469E7BE9555B05C278F /* Pods-ToDoList.release.xcconfig */,
				955BFF30F68D7344B60514B3 /* Pods-ToDoList-ToDoListUITests.debug.xcconfig */,
				C7E125508A751F2B3C7DDD21 /* Pods-ToDoList-ToDoListUITests.release.xcconfig */,
			);
			path = Pods;
			sourceTree = "<group>";
		};
		C621D591D46B66A1CE5E9988 /* Frameworks */ = {
			isa = PBXGroup;
			children = (
				818124FDA3CC21F011DDFDF5 /* Pods_ToDoList.framework */,
				1CCEF9CFE1684BC7C6A2D24C /* Pods_ToDoList_ToDoListUITests.framework */,
			);
			name = Frameworks;
			sourceTree = "<group>";
		};
/* End PBXGroup section */

/* Begin PBXNativeTarget section */
		AC6BBDA92C7F658A0096A74A /* ToDoList */ = {
			isa = PBXNativeTarget;
			buildConfigurationList = AC6BBDD72C7F658C0096A74A /* Build configuration list for PBXNativeTarget "ToDoList" */;
			buildPhases = (
				D31FA67D3ACD8FCEAE08A0B9 /* [CP] Check Pods Manifest.lock */,
				AC6BBDA62C7F658A0096A74A /* Sources */,
				AC6BBDA72C7F658A0096A74A /* Frameworks */,
				AC6BBDA82C7F658A0096A74A /* Resources */,
				78BA430E0B162902A0B014B2 /* [CP] Embed Pods Frameworks */,
			);
			buildRules = (
			);
			dependencies = (
			);
			name = ToDoList;
			productName = ToDoList;
			productReference = AC6BBDAA2C7F658A0096A74A /* ToDoList.app */;
			productType = "com.apple.product-type.application";
		};
		AC6BBDC22C7F658C0096A74A /* ToDoListTests */ = {
			isa = PBXNativeTarget;
			buildConfigurationList = AC6BBDDA2C7F658C0096A74A /* Build configuration list for PBXNativeTarget "ToDoListTests" */;
			buildPhases = (
				AC6BBDBF2C7F658C0096A74A /* Sources */,
				AC6BBDC02C7F658C0096A74A /* Frameworks */,
				AC6BBDC12C7F658C0096A74A /* Resources */,
			);
			buildRules = (
			);
			dependencies = (
				AC6BBDC52C7F658C0096A74A /* PBXTargetDependency */,
			);
			name = ToDoListTests;
			productName = ToDoListTests;
			productReference = AC6BBDC32C7F658C0096A74A /* ToDoListTests.xctest */;
			productType = "com.apple.product-type.bundle.unit-test";
		};
/* End PBXNativeTarget section */

/* Begin PBXProject section */
		AC6BBDA22C7F658A0096A74A /* Project object */ = {
			isa = PBXProject;
			attributes = {
				BuildIndependentTargetsInParallel = 1;
				LastSwiftUpdateCheck = 1510;
				LastUpgradeCheck = 1510;
				TargetAttributes = {
					AC6BBDA92C7F658A0096A74A = {
						CreatedOnToolsVersion = 15.1;
					};
					AC6BBDC22C7F658C0096A74A = {
						CreatedOnToolsVersion = 15.1;
						TestTargetID = AC6BBDA92C7F658A0096A74A;
					};
				};
			};
			buildConfigurationList = AC6BBDA52C7F658A0096A74A /* Build configuration list for PBXProject "ToDoList" */;
			compatibilityVersion = "Xcode 14.0";
			developmentRegion = en;
			hasScannedForEncodings = 0;
			knownRegions = (
				en,
				Base,
			);
			mainGroup = AC6BBDA12C7F658A0096A74A;
			productRefGroup = AC6BBDAB2C7F658A0096A74A /* Products */;
			projectDirPath = "";
			projectRoot = "";
			targets = (
				AC6BBDA92C7F658A0096A74A /* ToDoList */,
				AC6BBDC22C7F658C0096A74A /* ToDoListTests */,
			);
		};
/* End PBXProject section */

/* Begin PBXResourcesBuildPhase section */
		AC6BBDA82C7F658A0096A74A /* Resources */ = {
			isa = PBXResourcesBuildPhase;
			buildActionMask = 2147483647;
			files = (
				AC6BBDBD2C7F658C0096A74A /* LaunchScreen.storyboard in Resources */,
				AC6BBDBA2C7F658C0096A74A /* Assets.xcassets in Resources */,
			);
			runOnlyForDeploymentPostprocessing = 0;
		};
		AC6BBDC12C7F658C0096A74A /* Resources */ = {
			isa = PBXResourcesBuildPhase;
			buildActionMask = 2147483647;
			files = (
			);
			runOnlyForDeploymentPostprocessing = 0;
		};
/* End PBXResourcesBuildPhase section */

/* Begin PBXShellScriptBuildPhase section */
		78BA430E0B162902A0B014B2 /* [CP] Embed Pods Frameworks */ = {
			isa = PBXShellScriptBuildPhase;
			buildActionMask = 2147483647;
			files = (
			);
			inputFileListPaths = (
				"${PODS_ROOT}/Target Support Files/Pods-ToDoList/Pods-ToDoList-frameworks-${CONFIGURATION}-input-files.xcfilelist",
			);
			name = "[CP] Embed Pods Frameworks";
			outputFileListPaths = (
				"${PODS_ROOT}/Target Support Files/Pods-ToDoList/Pods-ToDoList-frameworks-${CONFIGURATION}-output-files.xcfilelist",
			);
			runOnlyForDeploymentPostprocessing = 0;
			shellPath = /bin/sh;
			shellScript = "\"${PODS_ROOT}/Target Support Files/Pods-ToDoList/Pods-ToDoList-frameworks.sh\"\n";
			showEnvVarsInLog = 0;
		};
		D31FA67D3ACD8FCEAE08A0B9 /* [CP] Check Pods Manifest.lock */ = {
			isa = PBXShellScriptBuildPhase;
			buildActionMask = 2147483647;
			files = (
			);
			inputFileListPaths = (
			);
			inputPaths = (
				"${PODS_PODFILE_DIR_PATH}/Podfile.lock",
				"${PODS_ROOT}/Manifest.lock",
			);
			name = "[CP] Check Pods Manifest.lock";
			outputFileListPaths = (
			);
			outputPaths = (
				"$(DERIVED_FILE_DIR)/Pods-ToDoList-checkManifestLockResult.txt",
			);
			runOnlyForDeploymentPostprocessing = 0;
			shellPath = /bin/sh;
			shellScript = "diff \"${PODS_PODFILE_DIR_PATH}/Podfile.lock\" \"${PODS_ROOT}/Manifest.lock\" > /dev/null\nif [ $? != 0 ] ; then\n    # print error to STDERR\n    echo \"error: The sandbox is not in sync with the Podfile.lock. Run 'pod install' or update your CocoaPods installation.\" >&2\n    exit 1\nfi\n# This output is used by Xcode 'outputs' to avoid re-running this script phase.\necho \"SUCCESS\" > \"${SCRIPT_OUTPUT_FILE_0}\"\n";
			showEnvVarsInLog = 0;
		};
/* End PBXShellScriptBuildPhase section */

/* Begin PBXSourcesBuildPhase section */
		AC6BBDA62C7F658A0096A74A /* Sources */ = {
			isa = PBXSourcesBuildPhase;
			buildActionMask = 2147483647;
			files = (
				2C2E03A22C83ADC300EF72D5 /* DateFormatter+Ext.swift in Sources */,
				2C2E038F2C8398B300EF72D5 /* TasksStorageService.swift in Sources */,
				AC6BBDED2C7F6CF30096A74A /* TasksAssembly.swift in Sources */,
				2CCC5AB02C8529A200EAAB22 /* Model.xcdatamodeld in Sources */,
				AC8125B42C80C31900BDC5E4 /* ToDoCell.swift in Sources */,
				AC6BBDB22C7F658A0096A74A /* TaskDetailsViewController.swift in Sources */,
				2C2E039F2C83A79000EF72D5 /* TaskDetailsInteractor.swift in Sources */,
				AC6BBDEB2C7F6C720096A74A /* TaskDetailsAssembly.swift in Sources */,
				2C2E03812C838F8A00EF72D5 /* INetworkService.swift in Sources */,
				AC6BBDE92C7F6C4F0096A74A /* TasksPresenter.swift in Sources */,
				2CCC5AB82C85340300EAAB22 /* ToDoEntity+CoreDataProperties.swift in Sources */,
				2C2E03852C83977600EF72D5 /* IUserDefaults.swift in Sources */,
				2C2E03892C83985E00EF72D5 /* ToDosWrapper.swift in Sources */,
				2C2E03872C83978900EF72D5 /* IStorageService.swift in Sources */,
				2C2E038B2C83986C00EF72D5 /* ToDoCellType.swift in Sources */,
				2C2E03912C83992C00EF72D5 /* IMainQueue.swift in Sources */,
				2C2E037D2C838A3B00EF72D5 /* TasksRouter.swift in Sources */,
				2C2E038D2C83987D00EF72D5 /* ToDoSection.swift in Sources */,
				AC6BBDAE2C7F658A0096A74A /* AppDelegate.swift in Sources */,
				2CCC5AB72C85340300EAAB22 /* ToDoEntity+CoreDataClass.swift in Sources */,
				2C2E037F2C838F7900EF72D5 /* RemoteTodosService.swift in Sources */,
				2C2E03932C839C9700EF72D5 /* ToDoViewModel.swift in Sources */,
				2C2E039D2C83A76500EF72D5 /* TaskDetailsRouter.swift in Sources */,
				AC6BBDE72C7F6C2E0096A74A /* TasksViewController.swift in Sources */,
				AC6BBDB02C7F658A0096A74A /* SceneDelegate.swift in Sources */,
				AC6BBDE52C7F6BF30096A74A /* ToDoModel.swift in Sources */,
				AC8125B02C7FCBCE00BDC5E4 /* Font.swift in Sources */,
				AC8125AE2C7F79AE00BDC5E4 /* RootAssembly.swift in Sources */,
				AC6BBDE32C7F6BD90096A74A /* TaskDetailsPresenter.swift in Sources */,
				2C2E037B2C838A0900EF72D5 /* TasksInteractor.swift in Sources */,
			);
			runOnlyForDeploymentPostprocessing = 0;
		};
		AC6BBDBF2C7F658C0096A74A /* Sources */ = {
			isa = PBXSourcesBuildPhase;
			buildActionMask = 2147483647;
			files = (
				AC6BBDC82C7F658C0096A74A /* ToDoListTests.swift in Sources */,
			);
			runOnlyForDeploymentPostprocessing = 0;
		};
/* End PBXSourcesBuildPhase section */

/* Begin PBXTargetDependency section */
		AC6BBDC52C7F658C0096A74A /* PBXTargetDependency */ = {
			isa = PBXTargetDependency;
			target = AC6BBDA92C7F658A0096A74A /* ToDoList */;
			targetProxy = AC6BBDC42C7F658C0096A74A /* PBXContainerItemProxy */;
		};
/* End PBXTargetDependency section */

/* Begin PBXVariantGroup section */
		AC6BBDBB2C7F658C0096A74A /* LaunchScreen.storyboard */ = {
			isa = PBXVariantGroup;
			children = (
				AC6BBDBC2C7F658C0096A74A /* Base */,
			);
			name = LaunchScreen.storyboard;
			sourceTree = "<group>";
		};
/* End PBXVariantGroup section */

/* Begin XCBuildConfiguration section */
		AC6BBDD52C7F658C0096A74A /* Debug */ = {
			isa = XCBuildConfiguration;
			buildSettings = {
				ALWAYS_SEARCH_USER_PATHS = NO;
				ASSETCATALOG_COMPILER_GENERATE_SWIFT_ASSET_SYMBOL_EXTENSIONS = YES;
				CLANG_ANALYZER_NONNULL = YES;
				CLANG_ANALYZER_NUMBER_OBJECT_CONVERSION = YES_AGGRESSIVE;
				CLANG_CXX_LANGUAGE_STANDARD = "gnu++20";
				CLANG_ENABLE_MODULES = YES;
				CLANG_ENABLE_OBJC_ARC = YES;
				CLANG_ENABLE_OBJC_WEAK = YES;
				CLANG_WARN_BLOCK_CAPTURE_AUTORELEASING = YES;
				CLANG_WARN_BOOL_CONVERSION = YES;
				CLANG_WARN_COMMA = YES;
				CLANG_WARN_CONSTANT_CONVERSION = YES;
				CLANG_WARN_DEPRECATED_OBJC_IMPLEMENTATIONS = YES;
				CLANG_WARN_DIRECT_OBJC_ISA_USAGE = YES_ERROR;
				CLANG_WARN_DOCUMENTATION_COMMENTS = YES;
				CLANG_WARN_EMPTY_BODY = YES;
				CLANG_WARN_ENUM_CONVERSION = YES;
				CLANG_WARN_INFINITE_RECURSION = YES;
				CLANG_WARN_INT_CONVERSION = YES;
				CLANG_WARN_NON_LITERAL_NULL_CONVERSION = YES;
				CLANG_WARN_OBJC_IMPLICIT_RETAIN_SELF = YES;
				CLANG_WARN_OBJC_LITERAL_CONVERSION = YES;
				CLANG_WARN_OBJC_ROOT_CLASS = YES_ERROR;
				CLANG_WARN_QUOTED_INCLUDE_IN_FRAMEWORK_HEADER = YES;
				CLANG_WARN_RANGE_LOOP_ANALYSIS = YES;
				CLANG_WARN_STRICT_PROTOTYPES = YES;
				CLANG_WARN_SUSPICIOUS_MOVE = YES;
				CLANG_WARN_UNGUARDED_AVAILABILITY = YES_AGGRESSIVE;
				CLANG_WARN_UNREACHABLE_CODE = YES;
				CLANG_WARN__DUPLICATE_METHOD_MATCH = YES;
				COPY_PHASE_STRIP = NO;
				DEBUG_INFORMATION_FORMAT = dwarf;
				ENABLE_STRICT_OBJC_MSGSEND = YES;
				ENABLE_TESTABILITY = YES;
				ENABLE_USER_SCRIPT_SANDBOXING = YES;
				GCC_C_LANGUAGE_STANDARD = gnu17;
				GCC_DYNAMIC_NO_PIC = NO;
				GCC_NO_COMMON_BLOCKS = YES;
				GCC_OPTIMIZATION_LEVEL = 0;
				GCC_PREPROCESSOR_DEFINITIONS = (
					"DEBUG=1",
					"$(inherited)",
				);
				GCC_WARN_64_TO_32_BIT_CONVERSION = YES;
				GCC_WARN_ABOUT_RETURN_TYPE = YES_ERROR;
				GCC_WARN_UNDECLARED_SELECTOR = YES;
				GCC_WARN_UNINITIALIZED_AUTOS = YES_AGGRESSIVE;
				GCC_WARN_UNUSED_FUNCTION = YES;
				GCC_WARN_UNUSED_VARIABLE = YES;
				IPHONEOS_DEPLOYMENT_TARGET = 17.2;
				LOCALIZATION_PREFERS_STRING_CATALOGS = YES;
				MTL_ENABLE_DEBUG_INFO = INCLUDE_SOURCE;
				MTL_FAST_MATH = YES;
				ONLY_ACTIVE_ARCH = YES;
				SDKROOT = iphoneos;
				SWIFT_ACTIVE_COMPILATION_CONDITIONS = "DEBUG $(inherited)";
				SWIFT_OPTIMIZATION_LEVEL = "-Onone";
			};
			name = Debug;
		};
		AC6BBDD62C7F658C0096A74A /* Release */ = {
			isa = XCBuildConfiguration;
			buildSettings = {
				ALWAYS_SEARCH_USER_PATHS = NO;
				ASSETCATALOG_COMPILER_GENERATE_SWIFT_ASSET_SYMBOL_EXTENSIONS = YES;
				CLANG_ANALYZER_NONNULL = YES;
				CLANG_ANALYZER_NUMBER_OBJECT_CONVERSION = YES_AGGRESSIVE;
				CLANG_CXX_LANGUAGE_STANDARD = "gnu++20";
				CLANG_ENABLE_MODULES = YES;
				CLANG_ENABLE_OBJC_ARC = YES;
				CLANG_ENABLE_OBJC_WEAK = YES;
				CLANG_WARN_BLOCK_CAPTURE_AUTORELEASING = YES;
				CLANG_WARN_BOOL_CONVERSION = YES;
				CLANG_WARN_COMMA = YES;
				CLANG_WARN_CONSTANT_CONVERSION = YES;
				CLANG_WARN_DEPRECATED_OBJC_IMPLEMENTATIONS = YES;
				CLANG_WARN_DIRECT_OBJC_ISA_USAGE = YES_ERROR;
				CLANG_WARN_DOCUMENTATION_COMMENTS = YES;
				CLANG_WARN_EMPTY_BODY = YES;
				CLANG_WARN_ENUM_CONVERSION = YES;
				CLANG_WARN_INFINITE_RECURSION = YES;
				CLANG_WARN_INT_CONVERSION = YES;
				CLANG_WARN_NON_LITERAL_NULL_CONVERSION = YES;
				CLANG_WARN_OBJC_IMPLICIT_RETAIN_SELF = YES;
				CLANG_WARN_OBJC_LITERAL_CONVERSION = YES;
				CLANG_WARN_OBJC_ROOT_CLASS = YES_ERROR;
				CLANG_WARN_QUOTED_INCLUDE_IN_FRAMEWORK_HEADER = YES;
				CLANG_WARN_RANGE_LOOP_ANALYSIS = YES;
				CLANG_WARN_STRICT_PROTOTYPES = YES;
				CLANG_WARN_SUSPICIOUS_MOVE = YES;
				CLANG_WARN_UNGUARDED_AVAILABILITY = YES_AGGRESSIVE;
				CLANG_WARN_UNREACHABLE_CODE = YES;
				CLANG_WARN__DUPLICATE_METHOD_MATCH = YES;
				COPY_PHASE_STRIP = NO;
				DEBUG_INFORMATION_FORMAT = "dwarf-with-dsym";
				ENABLE_NS_ASSERTIONS = NO;
				ENABLE_STRICT_OBJC_MSGSEND = YES;
				ENABLE_USER_SCRIPT_SANDBOXING = YES;
				GCC_C_LANGUAGE_STANDARD = gnu17;
				GCC_NO_COMMON_BLOCKS = YES;
				GCC_WARN_64_TO_32_BIT_CONVERSION = YES;
				GCC_WARN_ABOUT_RETURN_TYPE = YES_ERROR;
				GCC_WARN_UNDECLARED_SELECTOR = YES;
				GCC_WARN_UNINITIALIZED_AUTOS = YES_AGGRESSIVE;
				GCC_WARN_UNUSED_FUNCTION = YES;
				GCC_WARN_UNUSED_VARIABLE = YES;
				IPHONEOS_DEPLOYMENT_TARGET = 17.2;
				LOCALIZATION_PREFERS_STRING_CATALOGS = YES;
				MTL_ENABLE_DEBUG_INFO = NO;
				MTL_FAST_MATH = YES;
				SDKROOT = iphoneos;
				SWIFT_COMPILATION_MODE = wholemodule;
				VALIDATE_PRODUCT = YES;
			};
			name = Release;
		};
		AC6BBDD82C7F658C0096A74A /* Debug */ = {
			isa = XCBuildConfiguration;
			baseConfigurationReference = BD258249EA8C5E8436F44985 /* Pods-ToDoList.debug.xcconfig */;
			buildSettings = {
				ASSETCATALOG_COMPILER_APPICON_NAME = AppIcon;
				ASSETCATALOG_COMPILER_GLOBAL_ACCENT_COLOR_NAME = AccentColor;
				CODE_SIGN_STYLE = Automatic;
				CURRENT_PROJECT_VERSION = 1;
				DEVELOPMENT_TEAM = S597543FQ7;
				ENABLE_USER_SCRIPT_SANDBOXING = NO;
				GENERATE_INFOPLIST_FILE = YES;
				INFOPLIST_FILE = ToDoList/Info.plist;
				INFOPLIST_KEY_UIApplicationSupportsIndirectInputEvents = YES;
				INFOPLIST_KEY_UILaunchStoryboardName = LaunchScreen;
				INFOPLIST_KEY_UISupportedInterfaceOrientations_iPad = "UIInterfaceOrientationPortrait UIInterfaceOrientationPortraitUpsideDown UIInterfaceOrientationLandscapeLeft UIInterfaceOrientationLandscapeRight";
				INFOPLIST_KEY_UISupportedInterfaceOrientations_iPhone = "UIInterfaceOrientationPortrait UIInterfaceOrientationLandscapeLeft UIInterfaceOrientationLandscapeRight";
				LD_RUNPATH_SEARCH_PATHS = (
					"$(inherited)",
					"@executable_path/Frameworks",
				);
				MARKETING_VERSION = 1.0;
				PRODUCT_BUNDLE_IDENTIFIER = "artem.makej-bk.ru.ToDoList";
				PRODUCT_NAME = "$(TARGET_NAME)";
				SWIFT_EMIT_LOC_STRINGS = YES;
				SWIFT_VERSION = 5.0;
				TARGETED_DEVICE_FAMILY = "1,2";
			};
			name = Debug;
		};
		AC6BBDD92C7F658C0096A74A /* Release */ = {
			isa = XCBuildConfiguration;
			baseConfigurationReference = 5C396469E7BE9555B05C278F /* Pods-ToDoList.release.xcconfig */;
			buildSettings = {
				ASSETCATALOG_COMPILER_APPICON_NAME = AppIcon;
				ASSETCATALOG_COMPILER_GLOBAL_ACCENT_COLOR_NAME = AccentColor;
				CODE_SIGN_STYLE = Automatic;
				CURRENT_PROJECT_VERSION = 1;
				DEVELOPMENT_TEAM = S597543FQ7;
				ENABLE_USER_SCRIPT_SANDBOXING = NO;
				GENERATE_INFOPLIST_FILE = YES;
				INFOPLIST_FILE = ToDoList/Info.plist;
				INFOPLIST_KEY_UIApplicationSupportsIndirectInputEvents = YES;
				INFOPLIST_KEY_UILaunchStoryboardName = LaunchScreen;
				INFOPLIST_KEY_UISupportedInterfaceOrientations_iPad = "UIInterfaceOrientationPortrait UIInterfaceOrientationPortraitUpsideDown UIInterfaceOrientationLandscapeLeft UIInterfaceOrientationLandscapeRight";
				INFOPLIST_KEY_UISupportedInterfaceOrientations_iPhone = "UIInterfaceOrientationPortrait UIInterfaceOrientationLandscapeLeft UIInterfaceOrientationLandscapeRight";
				LD_RUNPATH_SEARCH_PATHS = (
					"$(inherited)",
					"@executable_path/Frameworks",
				);
				MARKETING_VERSION = 1.0;
				PRODUCT_BUNDLE_IDENTIFIER = "artem.makej-bk.ru.ToDoList";
				PRODUCT_NAME = "$(TARGET_NAME)";
				SWIFT_EMIT_LOC_STRINGS = YES;
				SWIFT_VERSION = 5.0;
				TARGETED_DEVICE_FAMILY = "1,2";
			};
			name = Release;
		};
		AC6BBDDB2C7F658C0096A74A /* Debug */ = {
			isa = XCBuildConfiguration;
			buildSettings = {
				ALWAYS_EMBED_SWIFT_STANDARD_LIBRARIES = YES;
				BUNDLE_LOADER = "$(TEST_HOST)";
				CODE_SIGN_STYLE = Automatic;
				CURRENT_PROJECT_VERSION = 1;
				DEVELOPMENT_TEAM = S597543FQ7;
				GENERATE_INFOPLIST_FILE = YES;
				IPHONEOS_DEPLOYMENT_TARGET = 17.2;
				MARKETING_VERSION = 1.0;
				PRODUCT_BUNDLE_IDENTIFIER = "artem.makej-bk.ru.ToDoListTests";
				PRODUCT_NAME = "$(TARGET_NAME)";
				SWIFT_EMIT_LOC_STRINGS = NO;
				SWIFT_VERSION = 5.0;
				TARGETED_DEVICE_FAMILY = "1,2";
				TEST_HOST = "$(BUILT_PRODUCTS_DIR)/ToDoList.app/$(BUNDLE_EXECUTABLE_FOLDER_PATH)/ToDoList";
			};
			name = Debug;
		};
		AC6BBDDC2C7F658C0096A74A /* Release */ = {
			isa = XCBuildConfiguration;
			buildSettings = {
				ALWAYS_EMBED_SWIFT_STANDARD_LIBRARIES = YES;
				BUNDLE_LOADER = "$(TEST_HOST)";
				CODE_SIGN_STYLE = Automatic;
				CURRENT_PROJECT_VERSION = 1;
				DEVELOPMENT_TEAM = S597543FQ7;
				GENERATE_INFOPLIST_FILE = YES;
				IPHONEOS_DEPLOYMENT_TARGET = 17.2;
				MARKETING_VERSION = 1.0;
				PRODUCT_BUNDLE_IDENTIFIER = "artem.makej-bk.ru.ToDoListTests";
				PRODUCT_NAME = "$(TARGET_NAME)";
				SWIFT_EMIT_LOC_STRINGS = NO;
				SWIFT_VERSION = 5.0;
				TARGETED_DEVICE_FAMILY = "1,2";
				TEST_HOST = "$(BUILT_PRODUCTS_DIR)/ToDoList.app/$(BUNDLE_EXECUTABLE_FOLDER_PATH)/ToDoList";
			};
			name = Release;
		};
/* End XCBuildConfiguration section */

/* Begin XCConfigurationList section */
		AC6BBDA52C7F658A0096A74A /* Build configuration list for PBXProject "ToDoList" */ = {
			isa = XCConfigurationList;
			buildConfigurations = (
				AC6BBDD52C7F658C0096A74A /* Debug */,
				AC6BBDD62C7F658C0096A74A /* Release */,
			);
			defaultConfigurationIsVisible = 0;
			defaultConfigurationName = Release;
		};
		AC6BBDD72C7F658C0096A74A /* Build configuration list for PBXNativeTarget "ToDoList" */ = {
			isa = XCConfigurationList;
			buildConfigurations = (
				AC6BBDD82C7F658C0096A74A /* Debug */,
				AC6BBDD92C7F658C0096A74A /* Release */,
			);
			defaultConfigurationIsVisible = 0;
			defaultConfigurationName = Release;
		};
		AC6BBDDA2C7F658C0096A74A /* Build configuration list for PBXNativeTarget "ToDoListTests" */ = {
			isa = XCConfigurationList;
			buildConfigurations = (
				AC6BBDDB2C7F658C0096A74A /* Debug */,
				AC6BBDDC2C7F658C0096A74A /* Release */,
			);
			defaultConfigurationIsVisible = 0;
			defaultConfigurationName = Release;
		};
/* End XCConfigurationList section */

/* Begin XCVersionGroup section */
		2CCC5AAE2C8529A200EAAB22 /* Model.xcdatamodeld */ = {
			isa = XCVersionGroup;
			children = (
				2CCC5AAF2C8529A200EAAB22 /* Model.xcdatamodel */,
			);
			currentVersion = 2CCC5AAF2C8529A200EAAB22 /* Model.xcdatamodel */;
			path = Model.xcdatamodeld;
			sourceTree = "<group>";
			versionGroupType = wrapper.xcdatamodel;
		};
/* End XCVersionGroup section */
	};
	rootObject = AC6BBDA22C7F658A0096A74A /* Project object */;
}
